// !$*UTF8*$!
{
	archiveVersion = 1;
	classes = {
	};
	objectVersion = 55;
	objects = {

/* Begin PBXBuildFile section */
		072DEDD029267D9A0046A4A0 /* Band.swift in Sources */ = {isa = PBXBuildFile; fileRef = 072DEDCF29267D9A0046A4A0 /* Band.swift */; };
		072DEDD2292687A70046A4A0 /* Location.swift in Sources */ = {isa = PBXBuildFile; fileRef = 072DEDD1292687A70046A4A0 /* Location.swift */; };
		072DEDD429268F470046A4A0 /* PlayPosition.swift in Sources */ = {isa = PBXBuildFile; fileRef = 072DEDD329268F470046A4A0 /* PlayPosition.swift */; };
		072DEDD62926902D0046A4A0 /* AgeGroup.swift in Sources */ = {isa = PBXBuildFile; fileRef = 072DEDD52926902D0046A4A0 /* AgeGroup.swift */; };
		0761508B29276D8200A0562F /* Coordinate.swift in Sources */ = {isa = PBXBuildFile; fileRef = 0761508A29276D8200A0562F /* Coordinate.swift */; };
		0761508D29277CBB00A0562F /* VisitorComment.swift in Sources */ = {isa = PBXBuildFile; fileRef = 0761508C29277CBB00A0562F /* VisitorComment.swift */; };
		076150912928FB9400A0562F /* Gathering.swift in Sources */ = {isa = PBXBuildFile; fileRef = 076150902928FB9400A0562F /* Gathering.swift */; };
		07615093292907A900A0562F /* GatheringComment.swift in Sources */ = {isa = PBXBuildFile; fileRef = 07615092292907A900A0562F /* GatheringComment.swift */; };
		07854FCB292A9156005C8556 /* MockBandData.swift in Sources */ = {isa = PBXBuildFile; fileRef = 07854FCA292A9156005C8556 /* MockBandData.swift */; };
		07C966B9292C463100A59CF5 /* Date+String.swift in Sources */ = {isa = PBXBuildFile; fileRef = 07C966B8292C463100A59CF5 /* Date+String.swift */; };
		07D7D9E3290FB8C200479B6F /* AppDelegate.swift in Sources */ = {isa = PBXBuildFile; fileRef = 07D7D9E2290FB8C200479B6F /* AppDelegate.swift */; };
		07D7D9E5290FB8C200479B6F /* SceneDelegate.swift in Sources */ = {isa = PBXBuildFile; fileRef = 07D7D9E4290FB8C200479B6F /* SceneDelegate.swift */; };
		07D7D9EA290FB8C200479B6F /* Landing.storyboard in Resources */ = {isa = PBXBuildFile; fileRef = 07D7D9E8290FB8C200479B6F /* Landing.storyboard */; };
		07D7D9EC290FB8C400479B6F /* Assets.xcassets in Resources */ = {isa = PBXBuildFile; fileRef = 07D7D9EB290FB8C400479B6F /* Assets.xcassets */; };
		07D7D9EF290FB8C400479B6F /* LaunchScreen.storyboard in Resources */ = {isa = PBXBuildFile; fileRef = 07D7D9ED290FB8C400479B6F /* LaunchScreen.storyboard */; };
		07D7D9FA290FB8C400479B6F /* GetARockTests.swift in Sources */ = {isa = PBXBuildFile; fileRef = 07D7D9F9290FB8C400479B6F /* GetARockTests.swift */; };
		07D7DA04290FB8C400479B6F /* GetARockUITests.swift in Sources */ = {isa = PBXBuildFile; fileRef = 07D7DA03290FB8C400479B6F /* GetARockUITests.swift */; };
		07D7DA06290FB8C400479B6F /* GetARockUITestsLaunchTests.swift in Sources */ = {isa = PBXBuildFile; fileRef = 07D7DA05290FB8C400479B6F /* GetARockUITestsLaunchTests.swift */; };
		07D7DA2D291088EC00479B6F /* NSObject+Extension.swift in Sources */ = {isa = PBXBuildFile; fileRef = 07D7DA2C291088EC00479B6F /* NSObject+Extension.swift */; };
		07D7DA302910895000479B6F /* LandingViewController.swift in Sources */ = {isa = PBXBuildFile; fileRef = 07D7DA2F2910895000479B6F /* LandingViewController.swift */; };
		07D7DA3429108A8300479B6F /* StringLiteral.swift in Sources */ = {isa = PBXBuildFile; fileRef = 07D7DA3329108A8200479B6F /* StringLiteral.swift */; };
		07D7DA3629108AB400479B6F /* ImageLiteral.swift in Sources */ = {isa = PBXBuildFile; fileRef = 07D7DA3529108AB400479B6F /* ImageLiteral.swift */; };
		07D7DA3A29108C5B00479B6F /* BaseViewController.swift in Sources */ = {isa = PBXBuildFile; fileRef = 07D7DA3929108C5B00479B6F /* BaseViewController.swift */; };
		07D7DA3C29108C9000479B6F /* SampleView.swift in Sources */ = {isa = PBXBuildFile; fileRef = 07D7DA3B29108C9000479B6F /* SampleView.swift */; };
		07D7DA3F29108CF800479B6F /* MyPageViewController.swift in Sources */ = {isa = PBXBuildFile; fileRef = 07D7DA3E29108CF800479B6F /* MyPageViewController.swift */; };
		07D7DA4429108DCB00479B6F /* SampleView.xib in Resources */ = {isa = PBXBuildFile; fileRef = 07D7DA4329108DCB00479B6F /* SampleView.xib */; };
		07D7DA832911EB7D00479B6F /* .swiftlint.yml in Resources */ = {isa = PBXBuildFile; fileRef = 07D7DA822911EB7D00479B6F /* .swiftlint.yml */; };
		3D0ED2232928667900AE320C /* BandInfoViewController.swift in Sources */ = {isa = PBXBuildFile; fileRef = 3D0ED2222928667900AE320C /* BandInfoViewController.swift */; };
		3D565329292855E9003D0C9F /* BandInfo.storyboard in Resources */ = {isa = PBXBuildFile; fileRef = 3D565328292855E9003D0C9F /* BandInfo.storyboard */; };
		3DF54FCB292A43EA001CD16B /* BandMemberCollectionViewCell.swift in Sources */ = {isa = PBXBuildFile; fileRef = 3DF54FCA292A43EA001CD16B /* BandMemberCollectionViewCell.swift */; };
		3DF54FCF292B9223001CD16B /* RepertoireTableViewCell.swift in Sources */ = {isa = PBXBuildFile; fileRef = 3DF54FCE292B9223001CD16B /* RepertoireTableViewCell.swift */; };
		3DF54FD1292BAFA6001CD16B /* RepertoireTableViewCell.xib in Resources */ = {isa = PBXBuildFile; fileRef = 3DF54FD0292BAFA6001CD16B /* RepertoireTableViewCell.xib */; };
		6606F855292CB38B00A121BF /* ReportReasonListCell.swift in Sources */ = {isa = PBXBuildFile; fileRef = 6606F853292CB38B00A121BF /* ReportReasonListCell.swift */; };
		6606F856292CB38B00A121BF /* ReportReasonListCell.xib in Resources */ = {isa = PBXBuildFile; fileRef = 6606F854292CB38B00A121BF /* ReportReasonListCell.xib */; };
		66285ABE292DE9F100029213 /* ReportReasonListHeader.xib in Resources */ = {isa = PBXBuildFile; fileRef = 66285ABD292DE9F100029213 /* ReportReasonListHeader.xib */; };
		6667A3202929F5DA0052A53B /* GatheringInfoPage.storyboard in Resources */ = {isa = PBXBuildFile; fileRef = 6667A31F2929F5DA0052A53B /* GatheringInfoPage.storyboard */; };
		66E74206292C82E8003C0B02 /* ActionSheet.swift in Sources */ = {isa = PBXBuildFile; fileRef = 66E74205292C82E8003C0B02 /* ActionSheet.swift */; };
		66E74208292C9F12003C0B02 /* ReportReasonList.storyboard in Resources */ = {isa = PBXBuildFile; fileRef = 66E74207292C9F12003C0B02 /* ReportReasonList.storyboard */; };
		66E7420A292CA04D003C0B02 /* ReportReasonListController.swift in Sources */ = {isa = PBXBuildFile; fileRef = 66E74209292CA04D003C0B02 /* ReportReasonListController.swift */; };
		7B04C330292D0C1F00EA2590 /* VisitorCommentViewController.swift in Sources */ = {isa = PBXBuildFile; fileRef = 7B04C32F292D0C1F00EA2590 /* VisitorCommentViewController.swift */; };
		7BB7099329290AE40065136D /* CommentListView.swift in Sources */ = {isa = PBXBuildFile; fileRef = 7BB7099229290AE40065136D /* CommentListView.swift */; };
		7BB709972929164D0065136D /* CommentTableViewCell.swift in Sources */ = {isa = PBXBuildFile; fileRef = 7BB709962929164D0065136D /* CommentTableViewCell.swift */; };
		7BB70999292A419B0065136D /* EmptyListView.swift in Sources */ = {isa = PBXBuildFile; fileRef = 7BB70998292A419B0065136D /* EmptyListView.swift */; };
		7BB7099B292A47E50065136D /* CommentCreateButton.swift in Sources */ = {isa = PBXBuildFile; fileRef = 7BB7099A292A47E40065136D /* CommentCreateButton.swift */; };
		7BDA8F8B291284FE00BB2D34 /* UIColor+Extension.swift in Sources */ = {isa = PBXBuildFile; fileRef = 7BDA8F8A291284FE00BB2D34 /* UIColor+Extension.swift */; };
		7BDA8F90291296B200BB2D34 /* UIView+Gradation.swift in Sources */ = {isa = PBXBuildFile; fileRef = 7BDA8F8F291296B200BB2D34 /* UIView+Gradation.swift */; };
		7BFDAA91292C94E5002FE744 /* CommentWritingPopupViewController.swift in Sources */ = {isa = PBXBuildFile; fileRef = 7BFDAA90292C94E5002FE744 /* CommentWritingPopupViewController.swift */; };
		84002600292BB27B0093648A /* BandTimeline.storyboard in Resources */ = {isa = PBXBuildFile; fileRef = 840025FF292BB27B0093648A /* BandTimeline.storyboard */; };
		84002602292BB3DB0093648A /* BandTimelineViewController.swift in Sources */ = {isa = PBXBuildFile; fileRef = 84002601292BB3DB0093648A /* BandTimelineViewController.swift */; };
		84002606292BB75C0093648A /* BandTimelineCell.xib in Resources */ = {isa = PBXBuildFile; fileRef = 84002605292BB75C0093648A /* BandTimelineCell.xib */; };
		84002608292BC4BE0093648A /* BandTimelineCell.swift in Sources */ = {isa = PBXBuildFile; fileRef = 84002607292BC4BE0093648A /* BandTimelineCell.swift */; };
		8437618D29273CF000BD2C2A /* GatheringListCell.xib in Resources */ = {isa = PBXBuildFile; fileRef = 8437618C29273CF000BD2C2A /* GatheringListCell.xib */; };
		84880526293B6C6D0085C718 /* GatheringListViewController.swift in Sources */ = {isa = PBXBuildFile; fileRef = 8437618F29275B3500BD2C2A /* GatheringListViewController.swift */; };
		84880527293B6C750085C718 /* GatheringListCell.swift in Sources */ = {isa = PBXBuildFile; fileRef = 8437619129276FA700BD2C2A /* GatheringListCell.swift */; };
		84880528293B6C930085C718 /* GatheringList.storyboard in Resources */ = {isa = PBXBuildFile; fileRef = 8437618A2927397400BD2C2A /* GatheringList.storyboard */; };
		AB58E003292CB57100868720 /* BandPageViewController.swift in Sources */ = {isa = PBXBuildFile; fileRef = AB58E002292CB57100868720 /* BandPageViewController.swift */; };
		AB58E007292CB61700868720 /* TopViewOfInfoView.swift in Sources */ = {isa = PBXBuildFile; fileRef = AB58E006292CB61700868720 /* TopViewOfInfoView.swift */; };
		AB58E00F292DEF2400868720 /* GatheringListTapViewController.swift in Sources */ = {isa = PBXBuildFile; fileRef = AB58E00E292DEF2400868720 /* GatheringListTapViewController.swift */; };
		ABCE15B7292A052F007D30E2 /* ViewSwitchedSegmentedControl.swift in Sources */ = {isa = PBXBuildFile; fileRef = ABCE15B6292A052F007D30E2 /* ViewSwitchedSegmentedControl.swift */; };
		B830849929263B780035DB2D /* MainMapViewController.swift in Sources */ = {isa = PBXBuildFile; fileRef = B830849829263B780035DB2D /* MainMapViewController.swift */; };
		B8B9971F29287D3700082462 /* MainMap.storyboard in Resources */ = {isa = PBXBuildFile; fileRef = B8B9971E29287D3700082462 /* MainMap.storyboard */; };
		B8BE496E292E14C800E8E774 /* AnnotationView.swift in Sources */ = {isa = PBXBuildFile; fileRef = B8BE496D292E14C800E8E774 /* AnnotationView.swift */; };
		C545AFC6293A403500C21E32 /* LocationCandidateCell.swift in Sources */ = {isa = PBXBuildFile; fileRef = C545AFC5293A403500C21E32 /* LocationCandidateCell.swift */; };
		C545AFC8293A405200C21E32 /* LocationCandidateCell.xib in Resources */ = {isa = PBXBuildFile; fileRef = C545AFC7293A405200C21E32 /* LocationCandidateCell.xib */; };
		C545AFCA293A413200C21E32 /* AddGatheringLocationViewController.swift in Sources */ = {isa = PBXBuildFile; fileRef = C545AFC9293A413200C21E32 /* AddGatheringLocationViewController.swift */; };
		C545AFCC293A41CE00C21E32 /* LocationSelectViewController.swift in Sources */ = {isa = PBXBuildFile; fileRef = C545AFCB293A41CE00C21E32 /* LocationSelectViewController.swift */; };
		C5C7AC6B292A7F7C00698636 /* AddGathering.storyboard in Resources */ = {isa = PBXBuildFile; fileRef = C5C7AC6A292A7F7C00698636 /* AddGathering.storyboard */; };
		C5C7AC6D292A7FA200698636 /* AddGatheringViewController.swift in Sources */ = {isa = PBXBuildFile; fileRef = C5C7AC6C292A7FA200698636 /* AddGatheringViewController.swift */; };
/* End PBXBuildFile section */

/* Begin PBXContainerItemProxy section */
		07D7D9F6290FB8C400479B6F /* PBXContainerItemProxy */ = {
			isa = PBXContainerItemProxy;
			containerPortal = 07D7D9D7290FB8C200479B6F /* Project object */;
			proxyType = 1;
			remoteGlobalIDString = 07D7D9DE290FB8C200479B6F;
			remoteInfo = GetARock;
		};
		07D7DA00290FB8C400479B6F /* PBXContainerItemProxy */ = {
			isa = PBXContainerItemProxy;
			containerPortal = 07D7D9D7290FB8C200479B6F /* Project object */;
			proxyType = 1;
			remoteGlobalIDString = 07D7D9DE290FB8C200479B6F;
			remoteInfo = GetARock;
		};
/* End PBXContainerItemProxy section */

/* Begin PBXFileReference section */
		072DEDCF29267D9A0046A4A0 /* Band.swift */ = {isa = PBXFileReference; lastKnownFileType = sourcecode.swift; path = Band.swift; sourceTree = "<group>"; };
		072DEDD1292687A70046A4A0 /* Location.swift */ = {isa = PBXFileReference; lastKnownFileType = sourcecode.swift; path = Location.swift; sourceTree = "<group>"; };
		072DEDD329268F470046A4A0 /* PlayPosition.swift */ = {isa = PBXFileReference; lastKnownFileType = sourcecode.swift; path = PlayPosition.swift; sourceTree = "<group>"; };
		072DEDD52926902D0046A4A0 /* AgeGroup.swift */ = {isa = PBXFileReference; lastKnownFileType = sourcecode.swift; path = AgeGroup.swift; sourceTree = "<group>"; };
		0761508A29276D8200A0562F /* Coordinate.swift */ = {isa = PBXFileReference; lastKnownFileType = sourcecode.swift; path = Coordinate.swift; sourceTree = "<group>"; };
		0761508C29277CBB00A0562F /* VisitorComment.swift */ = {isa = PBXFileReference; lastKnownFileType = sourcecode.swift; path = VisitorComment.swift; sourceTree = "<group>"; };
		076150902928FB9400A0562F /* Gathering.swift */ = {isa = PBXFileReference; lastKnownFileType = sourcecode.swift; path = Gathering.swift; sourceTree = "<group>"; };
		07615092292907A900A0562F /* GatheringComment.swift */ = {isa = PBXFileReference; lastKnownFileType = sourcecode.swift; path = GatheringComment.swift; sourceTree = "<group>"; };
		07854FCA292A9156005C8556 /* MockBandData.swift */ = {isa = PBXFileReference; lastKnownFileType = sourcecode.swift; path = MockBandData.swift; sourceTree = "<group>"; };
		07C966B8292C463100A59CF5 /* Date+String.swift */ = {isa = PBXFileReference; lastKnownFileType = sourcecode.swift; path = "Date+String.swift"; sourceTree = "<group>"; };
		07D7D9DF290FB8C200479B6F /* GetARock.app */ = {isa = PBXFileReference; explicitFileType = wrapper.application; includeInIndex = 0; path = GetARock.app; sourceTree = BUILT_PRODUCTS_DIR; };
		07D7D9E2290FB8C200479B6F /* AppDelegate.swift */ = {isa = PBXFileReference; lastKnownFileType = sourcecode.swift; path = AppDelegate.swift; sourceTree = "<group>"; };
		07D7D9E4290FB8C200479B6F /* SceneDelegate.swift */ = {isa = PBXFileReference; indentWidth = 4; lastKnownFileType = sourcecode.swift; path = SceneDelegate.swift; sourceTree = "<group>"; tabWidth = 4; };
		07D7D9E9290FB8C200479B6F /* Base */ = {isa = PBXFileReference; lastKnownFileType = file.storyboard; name = Base; path = Base.lproj/Landing.storyboard; sourceTree = "<group>"; };
		07D7D9EB290FB8C400479B6F /* Assets.xcassets */ = {isa = PBXFileReference; lastKnownFileType = folder.assetcatalog; path = Assets.xcassets; sourceTree = "<group>"; };
		07D7D9EE290FB8C400479B6F /* Base */ = {isa = PBXFileReference; lastKnownFileType = file.storyboard; name = Base; path = Base.lproj/LaunchScreen.storyboard; sourceTree = "<group>"; };
		07D7D9F0290FB8C400479B6F /* Info.plist */ = {isa = PBXFileReference; lastKnownFileType = text.plist.xml; name = Info.plist; path = GetARock/Global/Supports/Info.plist; sourceTree = SOURCE_ROOT; };
		07D7D9F5290FB8C400479B6F /* GetARockTests.xctest */ = {isa = PBXFileReference; explicitFileType = wrapper.cfbundle; includeInIndex = 0; path = GetARockTests.xctest; sourceTree = BUILT_PRODUCTS_DIR; };
		07D7D9F9290FB8C400479B6F /* GetARockTests.swift */ = {isa = PBXFileReference; lastKnownFileType = sourcecode.swift; path = GetARockTests.swift; sourceTree = "<group>"; };
		07D7D9FF290FB8C400479B6F /* GetARockUITests.xctest */ = {isa = PBXFileReference; explicitFileType = wrapper.cfbundle; includeInIndex = 0; path = GetARockUITests.xctest; sourceTree = BUILT_PRODUCTS_DIR; };
		07D7DA03290FB8C400479B6F /* GetARockUITests.swift */ = {isa = PBXFileReference; lastKnownFileType = sourcecode.swift; path = GetARockUITests.swift; sourceTree = "<group>"; };
		07D7DA05290FB8C400479B6F /* GetARockUITestsLaunchTests.swift */ = {isa = PBXFileReference; lastKnownFileType = sourcecode.swift; path = GetARockUITestsLaunchTests.swift; sourceTree = "<group>"; };
		07D7DA2C291088EC00479B6F /* NSObject+Extension.swift */ = {isa = PBXFileReference; lastKnownFileType = sourcecode.swift; path = "NSObject+Extension.swift"; sourceTree = "<group>"; };
		07D7DA2F2910895000479B6F /* LandingViewController.swift */ = {isa = PBXFileReference; lastKnownFileType = sourcecode.swift; path = LandingViewController.swift; sourceTree = "<group>"; };
		07D7DA3329108A8200479B6F /* StringLiteral.swift */ = {isa = PBXFileReference; lastKnownFileType = sourcecode.swift; path = StringLiteral.swift; sourceTree = "<group>"; };
		07D7DA3529108AB400479B6F /* ImageLiteral.swift */ = {isa = PBXFileReference; lastKnownFileType = sourcecode.swift; path = ImageLiteral.swift; sourceTree = "<group>"; };
		07D7DA3929108C5B00479B6F /* BaseViewController.swift */ = {isa = PBXFileReference; lastKnownFileType = sourcecode.swift; path = BaseViewController.swift; sourceTree = "<group>"; };
		07D7DA3B29108C9000479B6F /* SampleView.swift */ = {isa = PBXFileReference; lastKnownFileType = sourcecode.swift; path = SampleView.swift; sourceTree = "<group>"; };
		07D7DA3E29108CF800479B6F /* MyPageViewController.swift */ = {isa = PBXFileReference; lastKnownFileType = sourcecode.swift; path = MyPageViewController.swift; sourceTree = "<group>"; };
		07D7DA4329108DCB00479B6F /* SampleView.xib */ = {isa = PBXFileReference; lastKnownFileType = file.xib; path = SampleView.xib; sourceTree = "<group>"; };
		07D7DA822911EB7D00479B6F /* .swiftlint.yml */ = {isa = PBXFileReference; lastKnownFileType = text.yaml; path = .swiftlint.yml; sourceTree = "<group>"; };
		3D0ED2222928667900AE320C /* BandInfoViewController.swift */ = {isa = PBXFileReference; lastKnownFileType = sourcecode.swift; path = BandInfoViewController.swift; sourceTree = "<group>"; };
		3D565328292855E9003D0C9F /* BandInfo.storyboard */ = {isa = PBXFileReference; lastKnownFileType = file.storyboard; path = BandInfo.storyboard; sourceTree = "<group>"; };
		3DF54FCA292A43EA001CD16B /* BandMemberCollectionViewCell.swift */ = {isa = PBXFileReference; lastKnownFileType = sourcecode.swift; path = BandMemberCollectionViewCell.swift; sourceTree = "<group>"; };
		3DF54FCE292B9223001CD16B /* RepertoireTableViewCell.swift */ = {isa = PBXFileReference; lastKnownFileType = sourcecode.swift; path = RepertoireTableViewCell.swift; sourceTree = "<group>"; };
		3DF54FD0292BAFA6001CD16B /* RepertoireTableViewCell.xib */ = {isa = PBXFileReference; lastKnownFileType = file.xib; path = RepertoireTableViewCell.xib; sourceTree = "<group>"; };
		6606F853292CB38B00A121BF /* ReportReasonListCell.swift */ = {isa = PBXFileReference; lastKnownFileType = sourcecode.swift; path = ReportReasonListCell.swift; sourceTree = "<group>"; };
		6606F854292CB38B00A121BF /* ReportReasonListCell.xib */ = {isa = PBXFileReference; lastKnownFileType = file.xib; path = ReportReasonListCell.xib; sourceTree = "<group>"; };
		66285ABD292DE9F100029213 /* ReportReasonListHeader.xib */ = {isa = PBXFileReference; lastKnownFileType = file.xib; path = ReportReasonListHeader.xib; sourceTree = "<group>"; };
		6667A31F2929F5DA0052A53B /* GatheringInfoPage.storyboard */ = {isa = PBXFileReference; lastKnownFileType = file.storyboard; path = GatheringInfoPage.storyboard; sourceTree = "<group>"; };
		66E1623E292ADFF5001F0578 /* GatheringInfoViewController.swift */ = {isa = PBXFileReference; lastKnownFileType = sourcecode.swift; path = GatheringInfoViewController.swift; sourceTree = "<group>"; };
		66E74205292C82E8003C0B02 /* ActionSheet.swift */ = {isa = PBXFileReference; lastKnownFileType = sourcecode.swift; path = ActionSheet.swift; sourceTree = "<group>"; };
		66E74207292C9F12003C0B02 /* ReportReasonList.storyboard */ = {isa = PBXFileReference; lastKnownFileType = file.storyboard; path = ReportReasonList.storyboard; sourceTree = "<group>"; };
		66E74209292CA04D003C0B02 /* ReportReasonListController.swift */ = {isa = PBXFileReference; lastKnownFileType = sourcecode.swift; path = ReportReasonListController.swift; sourceTree = "<group>"; };
		7B04C32F292D0C1F00EA2590 /* VisitorCommentViewController.swift */ = {isa = PBXFileReference; lastKnownFileType = sourcecode.swift; path = VisitorCommentViewController.swift; sourceTree = "<group>"; };
		7BB7099229290AE40065136D /* CommentListView.swift */ = {isa = PBXFileReference; lastKnownFileType = sourcecode.swift; path = CommentListView.swift; sourceTree = "<group>"; };
		7BB709962929164D0065136D /* CommentTableViewCell.swift */ = {isa = PBXFileReference; lastKnownFileType = sourcecode.swift; path = CommentTableViewCell.swift; sourceTree = "<group>"; };
		7BB70998292A419B0065136D /* EmptyListView.swift */ = {isa = PBXFileReference; lastKnownFileType = sourcecode.swift; path = EmptyListView.swift; sourceTree = "<group>"; };
		7BB7099A292A47E40065136D /* CommentCreateButton.swift */ = {isa = PBXFileReference; lastKnownFileType = sourcecode.swift; path = CommentCreateButton.swift; sourceTree = "<group>"; };
		7BDA8F8A291284FE00BB2D34 /* UIColor+Extension.swift */ = {isa = PBXFileReference; lastKnownFileType = sourcecode.swift; path = "UIColor+Extension.swift"; sourceTree = "<group>"; };
		7BDA8F8F291296B200BB2D34 /* UIView+Gradation.swift */ = {isa = PBXFileReference; lastKnownFileType = sourcecode.swift; path = "UIView+Gradation.swift"; sourceTree = "<group>"; };
		7BFDAA90292C94E5002FE744 /* CommentWritingPopupViewController.swift */ = {isa = PBXFileReference; lastKnownFileType = sourcecode.swift; path = CommentWritingPopupViewController.swift; sourceTree = "<group>"; };
		840025FF292BB27B0093648A /* BandTimeline.storyboard */ = {isa = PBXFileReference; lastKnownFileType = file.storyboard; path = BandTimeline.storyboard; sourceTree = "<group>"; };
		84002601292BB3DB0093648A /* BandTimelineViewController.swift */ = {isa = PBXFileReference; lastKnownFileType = sourcecode.swift; path = BandTimelineViewController.swift; sourceTree = "<group>"; };
		84002605292BB75C0093648A /* BandTimelineCell.xib */ = {isa = PBXFileReference; lastKnownFileType = file.xib; path = BandTimelineCell.xib; sourceTree = "<group>"; };
		84002607292BC4BE0093648A /* BandTimelineCell.swift */ = {isa = PBXFileReference; lastKnownFileType = sourcecode.swift; path = BandTimelineCell.swift; sourceTree = "<group>"; };
		8437618A2927397400BD2C2A /* GatheringList.storyboard */ = {isa = PBXFileReference; lastKnownFileType = file.storyboard; path = GatheringList.storyboard; sourceTree = "<group>"; };
		8437618C29273CF000BD2C2A /* GatheringListCell.xib */ = {isa = PBXFileReference; lastKnownFileType = file.xib; path = GatheringListCell.xib; sourceTree = "<group>"; };
		8437618F29275B3500BD2C2A /* GatheringListViewController.swift */ = {isa = PBXFileReference; indentWidth = 4; lastKnownFileType = sourcecode.swift; path = GatheringListViewController.swift; sourceTree = "<group>"; tabWidth = 4; };
		8437619129276FA700BD2C2A /* GatheringListCell.swift */ = {isa = PBXFileReference; lastKnownFileType = sourcecode.swift; path = GatheringListCell.swift; sourceTree = "<group>"; };
		AB58E002292CB57100868720 /* BandPageViewController.swift */ = {isa = PBXFileReference; lastKnownFileType = sourcecode.swift; path = BandPageViewController.swift; sourceTree = "<group>"; };
		AB58E006292CB61700868720 /* TopViewOfInfoView.swift */ = {isa = PBXFileReference; lastKnownFileType = sourcecode.swift; path = TopViewOfInfoView.swift; sourceTree = "<group>"; };
		AB58E00E292DEF2400868720 /* GatheringListTapViewController.swift */ = {isa = PBXFileReference; lastKnownFileType = sourcecode.swift; path = GatheringListTapViewController.swift; sourceTree = "<group>"; };
		ABCE15B6292A052F007D30E2 /* ViewSwitchedSegmentedControl.swift */ = {isa = PBXFileReference; lastKnownFileType = sourcecode.swift; path = ViewSwitchedSegmentedControl.swift; sourceTree = "<group>"; };
		B830849829263B780035DB2D /* MainMapViewController.swift */ = {isa = PBXFileReference; indentWidth = 4; lastKnownFileType = sourcecode.swift; path = MainMapViewController.swift; sourceTree = "<group>"; tabWidth = 4; };
		B8B9971E29287D3700082462 /* MainMap.storyboard */ = {isa = PBXFileReference; lastKnownFileType = file.storyboard; path = MainMap.storyboard; sourceTree = "<group>"; };
		B8BE496D292E14C800E8E774 /* AnnotationView.swift */ = {isa = PBXFileReference; indentWidth = 4; lastKnownFileType = sourcecode.swift; path = AnnotationView.swift; sourceTree = "<group>"; tabWidth = 4; };
		C545AFC5293A403500C21E32 /* LocationCandidateCell.swift */ = {isa = PBXFileReference; lastKnownFileType = sourcecode.swift; path = LocationCandidateCell.swift; sourceTree = "<group>"; };
		C545AFC7293A405200C21E32 /* LocationCandidateCell.xib */ = {isa = PBXFileReference; lastKnownFileType = file.xib; path = LocationCandidateCell.xib; sourceTree = "<group>"; };
		C545AFC9293A413200C21E32 /* AddGatheringLocationViewController.swift */ = {isa = PBXFileReference; lastKnownFileType = sourcecode.swift; path = AddGatheringLocationViewController.swift; sourceTree = "<group>"; };
		C545AFCB293A41CE00C21E32 /* LocationSelectViewController.swift */ = {isa = PBXFileReference; lastKnownFileType = sourcecode.swift; path = LocationSelectViewController.swift; sourceTree = "<group>"; };
		C5C7AC6A292A7F7C00698636 /* AddGathering.storyboard */ = {isa = PBXFileReference; lastKnownFileType = file.storyboard; path = AddGathering.storyboard; sourceTree = "<group>"; };
		C5C7AC6C292A7FA200698636 /* AddGatheringViewController.swift */ = {isa = PBXFileReference; lastKnownFileType = sourcecode.swift; path = AddGatheringViewController.swift; sourceTree = "<group>"; };
/* End PBXFileReference section */

/* Begin PBXFrameworksBuildPhase section */
		07D7D9DC290FB8C200479B6F /* Frameworks */ = {
			isa = PBXFrameworksBuildPhase;
			buildActionMask = 2147483647;
			files = (
			);
			runOnlyForDeploymentPostprocessing = 0;
		};
		07D7D9F2290FB8C400479B6F /* Frameworks */ = {
			isa = PBXFrameworksBuildPhase;
			buildActionMask = 2147483647;
			files = (
			);
			runOnlyForDeploymentPostprocessing = 0;
		};
		07D7D9FC290FB8C400479B6F /* Frameworks */ = {
			isa = PBXFrameworksBuildPhase;
			buildActionMask = 2147483647;
			files = (
			);
			runOnlyForDeploymentPostprocessing = 0;
		};
/* End PBXFrameworksBuildPhase section */

/* Begin PBXGroup section */
		072DEDCD292677090046A4A0 /* Network */ = {
			isa = PBXGroup;
			children = (
				07854FC8292A913A005C8556 /* Mock */,
				072DEDCE2926770F0046A4A0 /* Model */,
			);
			path = Network;
			sourceTree = "<group>";
		};
		072DEDCE2926770F0046A4A0 /* Model */ = {
			isa = PBXGroup;
			children = (
				072DEDCF29267D9A0046A4A0 /* Band.swift */,
				076150902928FB9400A0562F /* Gathering.swift */,
				07615092292907A900A0562F /* GatheringComment.swift */,
				0761508C29277CBB00A0562F /* VisitorComment.swift */,
				072DEDD1292687A70046A4A0 /* Location.swift */,
				0761508A29276D8200A0562F /* Coordinate.swift */,
				072DEDD329268F470046A4A0 /* PlayPosition.swift */,
				072DEDD52926902D0046A4A0 /* AgeGroup.swift */,
			);
			path = Model;
			sourceTree = "<group>";
		};
		07854FC8292A913A005C8556 /* Mock */ = {
			isa = PBXGroup;
			children = (
				07854FC9292A9141005C8556 /* Data */,
			);
			path = Mock;
			sourceTree = "<group>";
		};
		07854FC9292A9141005C8556 /* Data */ = {
			isa = PBXGroup;
			children = (
				07854FCA292A9156005C8556 /* MockBandData.swift */,
			);
			path = Data;
			sourceTree = "<group>";
		};
		07D7D9D6290FB8C200479B6F = {
			isa = PBXGroup;
			children = (
				07D7DA822911EB7D00479B6F /* .swiftlint.yml */,
				07D7D9E1290FB8C200479B6F /* GetARock */,
				07D7D9F8290FB8C400479B6F /* GetARockTests */,
				07D7DA02290FB8C400479B6F /* GetARockUITests */,
				07D7D9E0290FB8C200479B6F /* Products */,
			);
			sourceTree = "<group>";
		};
		07D7D9E0290FB8C200479B6F /* Products */ = {
			isa = PBXGroup;
			children = (
				07D7D9DF290FB8C200479B6F /* GetARock.app */,
				07D7D9F5290FB8C400479B6F /* GetARockTests.xctest */,
				07D7D9FF290FB8C400479B6F /* GetARockUITests.xctest */,
			);
			name = Products;
			sourceTree = "<group>";
		};
		07D7D9E1290FB8C200479B6F /* GetARock */ = {
			isa = PBXGroup;
			children = (
				072DEDCD292677090046A4A0 /* Network */,
				07D7DA26291087CA00479B6F /* Global */,
				07D7DA282910882D00479B6F /* Screen */,
			);
			path = GetARock;
			sourceTree = "<group>";
		};
		07D7D9F8290FB8C400479B6F /* GetARockTests */ = {
			isa = PBXGroup;
			children = (
				07D7D9F9290FB8C400479B6F /* GetARockTests.swift */,
			);
			path = GetARockTests;
			sourceTree = "<group>";
		};
		07D7DA02290FB8C400479B6F /* GetARockUITests */ = {
			isa = PBXGroup;
			children = (
				07D7DA03290FB8C400479B6F /* GetARockUITests.swift */,
				07D7DA05290FB8C400479B6F /* GetARockUITestsLaunchTests.swift */,
			);
			path = GetARockUITests;
			sourceTree = "<group>";
		};
		07D7DA26291087CA00479B6F /* Global */ = {
			isa = PBXGroup;
			children = (
				07D7DA3829108C4000479B6F /* Base */,
				07D7DA27291087CE00479B6F /* Supports */,
				07D7DA3129108A5D00479B6F /* Literals */,
				07D7DA2B291088CE00479B6F /* Extension */,
				7BDA8F8E291296A200BB2D34 /* Utils */,
				07D7DA3729108C2100479B6F /* UIComponent */,
				07D7DA292910883600479B6F /* Resource */,
			);
			path = Global;
			sourceTree = "<group>";
		};
		07D7DA27291087CE00479B6F /* Supports */ = {
			isa = PBXGroup;
			children = (
				07D7D9F0290FB8C400479B6F /* Info.plist */,
				07D7D9E2290FB8C200479B6F /* AppDelegate.swift */,
				07D7D9E4290FB8C200479B6F /* SceneDelegate.swift */,
			);
			path = Supports;
			sourceTree = "<group>";
		};
		07D7DA282910882D00479B6F /* Screen */ = {
			isa = PBXGroup;
			children = (
				66E1623D292ADFC7001F0578 /* GatheringInfo */,
				3D56532A292855F8003D0C9F /* BandInfo */,
				B830849729263B620035DB2D /* MainMap */,
				C5C7AC69292A7EC000698636 /* AddGathering */,
				8437618E2927551100BD2C2A /* Gathering */,
				07D7DA2E2910894000479B6F /* Landing */,
				07D7DA3D29108CC600479B6F /* MyPage */,
			);
			path = Screen;
			sourceTree = "<group>";
		};
		07D7DA292910883600479B6F /* Resource */ = {
			isa = PBXGroup;
			children = (
				07D7D9EB290FB8C400479B6F /* Assets.xcassets */,
				07D7DA2A2910884100479B6F /* Storyboards */,
				07D7DA4229108DAE00479B6F /* Xibs */,
			);
			path = Resource;
			sourceTree = "<group>";
		};
		07D7DA2A2910884100479B6F /* Storyboards */ = {
			isa = PBXGroup;
			children = (
				07D7D9E8290FB8C200479B6F /* Landing.storyboard */,
				07D7D9ED290FB8C400479B6F /* LaunchScreen.storyboard */,
				6667A31F2929F5DA0052A53B /* GatheringInfoPage.storyboard */,
				3D565328292855E9003D0C9F /* BandInfo.storyboard */,
				840025FF292BB27B0093648A /* BandTimeline.storyboard */,
				B8B9971E29287D3700082462 /* MainMap.storyboard */,
				C5C7AC6A292A7F7C00698636 /* AddGathering.storyboard */,
				66E74207292C9F12003C0B02 /* ReportReasonList.storyboard */,
				8437618A2927397400BD2C2A /* GatheringList.storyboard */,
			);
			path = Storyboards;
			sourceTree = "<group>";
		};
		07D7DA2B291088CE00479B6F /* Extension */ = {
			isa = PBXGroup;
			children = (
				07D7DA2C291088EC00479B6F /* NSObject+Extension.swift */,
				7BDA8F8A291284FE00BB2D34 /* UIColor+Extension.swift */,
			);
			path = Extension;
			sourceTree = "<group>";
		};
		07D7DA2E2910894000479B6F /* Landing */ = {
			isa = PBXGroup;
			children = (
				07D7DA2F2910895000479B6F /* LandingViewController.swift */,
			);
			path = Landing;
			sourceTree = "<group>";
		};
		07D7DA3129108A5D00479B6F /* Literals */ = {
			isa = PBXGroup;
			children = (
				07D7DA3329108A8200479B6F /* StringLiteral.swift */,
				07D7DA3529108AB400479B6F /* ImageLiteral.swift */,
			);
			path = Literals;
			sourceTree = "<group>";
		};
		07D7DA3729108C2100479B6F /* UIComponent */ = {
			isa = PBXGroup;
			children = (
				07D7DA3B29108C9000479B6F /* SampleView.swift */,
				7BB7099229290AE40065136D /* CommentListView.swift */,
				7BB70998292A419B0065136D /* EmptyListView.swift */,
				7BB7099A292A47E40065136D /* CommentCreateButton.swift */,
				7BFDAA90292C94E5002FE744 /* CommentWritingPopupViewController.swift */,
				7BB709952929161D0065136D /* Cell */,
				ABCE15B6292A052F007D30E2 /* ViewSwitchedSegmentedControl.swift */,
				66E74205292C82E8003C0B02 /* ActionSheet.swift */,
			);
			path = UIComponent;
			sourceTree = "<group>";
		};
		07D7DA3829108C4000479B6F /* Base */ = {
			isa = PBXGroup;
			children = (
				07D7DA3929108C5B00479B6F /* BaseViewController.swift */,
			);
			path = Base;
			sourceTree = "<group>";
		};
		07D7DA3D29108CC600479B6F /* MyPage */ = {
			isa = PBXGroup;
			children = (
				07D7DA3E29108CF800479B6F /* MyPageViewController.swift */,
			);
			path = MyPage;
			sourceTree = "<group>";
		};
		07D7DA4229108DAE00479B6F /* Xibs */ = {
			isa = PBXGroup;
			children = (
				07D7DA4329108DCB00479B6F /* SampleView.xib */,
				3DF54FD0292BAFA6001CD16B /* RepertoireTableViewCell.xib */,
				84002605292BB75C0093648A /* BandTimelineCell.xib */,
				6606F854292CB38B00A121BF /* ReportReasonListCell.xib */,
				66285ABD292DE9F100029213 /* ReportReasonListHeader.xib */,
				C545AFC7293A405200C21E32 /* LocationCandidateCell.xib */,
				8437618C29273CF000BD2C2A /* GatheringListCell.xib */,
			);
			path = Xibs;
			sourceTree = "<group>";
		};
		3D56532A292855F8003D0C9F /* BandInfo */ = {
			isa = PBXGroup;
			children = (
				3DE5CE92292C511E005B448D /* Cell */,
				3DE5CE91292C5112005B448D /* VC */,
				AB58E006292CB61700868720 /* TopViewOfInfoView.swift */,
			);
			path = BandInfo;
			sourceTree = "<group>";
		};
		3DE5CE91292C5112005B448D /* VC */ = {
			isa = PBXGroup;
			children = (
				3D0ED2222928667900AE320C /* BandInfoViewController.swift */,
				84002601292BB3DB0093648A /* BandTimelineViewController.swift */,
				AB58E002292CB57100868720 /* BandPageViewController.swift */,
				7B04C32F292D0C1F00EA2590 /* VisitorCommentViewController.swift */,
			);
			path = VC;
			sourceTree = "<group>";
		};
		3DE5CE92292C511E005B448D /* Cell */ = {
			isa = PBXGroup;
			children = (
				3DF54FCA292A43EA001CD16B /* BandMemberCollectionViewCell.swift */,
				3DF54FCE292B9223001CD16B /* RepertoireTableViewCell.swift */,
				84002607292BC4BE0093648A /* BandTimelineCell.swift */,
			);
			path = Cell;
			sourceTree = "<group>";
		};
		66E1623D292ADFC7001F0578 /* GatheringInfo */ = {
			isa = PBXGroup;
			children = (
				66E1623E292ADFF5001F0578 /* GatheringInfoViewController.swift */,
				66E74209292CA04D003C0B02 /* ReportReasonListController.swift */,
				6606F853292CB38B00A121BF /* ReportReasonListCell.swift */,
			);
			path = GatheringInfo;
			sourceTree = "<group>";
		};
		7BB709952929161D0065136D /* Cell */ = {
			isa = PBXGroup;
			children = (
				7BB709962929164D0065136D /* CommentTableViewCell.swift */,
			);
			path = Cell;
			sourceTree = "<group>";
		};
		7BDA8F8E291296A200BB2D34 /* Utils */ = {
			isa = PBXGroup;
			children = (
				7BDA8F8F291296B200BB2D34 /* UIView+Gradation.swift */,
				07C966B8292C463100A59CF5 /* Date+String.swift */,
			);
			path = Utils;
			sourceTree = "<group>";
		};
		8437618E2927551100BD2C2A /* Gathering */ = {
			isa = PBXGroup;
			children = (
				8437618F29275B3500BD2C2A /* GatheringListViewController.swift */,
				8437619129276FA700BD2C2A /* GatheringListCell.swift */,
				AB58E00E292DEF2400868720 /* GatheringListTapViewController.swift */,
			);
			path = Gathering;
			sourceTree = "<group>";
		};
		B830849729263B620035DB2D /* MainMap */ = {
			isa = PBXGroup;
			children = (
				B88C73412938AFB9005F2350 /* Component */,
				B830849829263B780035DB2D /* MainMapViewController.swift */,
			);
			path = MainMap;
			sourceTree = "<group>";
		};
		B88C73412938AFB9005F2350 /* Component */ = {
			isa = PBXGroup;
			children = (
				B8BE496D292E14C800E8E774 /* AnnotationView.swift */,
			);
			path = Component;
			sourceTree = "<group>";
		};
		C5C7AC69292A7EC000698636 /* AddGathering */ = {
			isa = PBXGroup;
			children = (
				C5C7AC6C292A7FA200698636 /* AddGatheringViewController.swift */,
				C545AFC9293A413200C21E32 /* AddGatheringLocationViewController.swift */,
				C545AFCB293A41CE00C21E32 /* LocationSelectViewController.swift */,
				C545AFC5293A403500C21E32 /* LocationCandidateCell.swift */,
			);
			path = AddGathering;
			sourceTree = "<group>";
		};
/* End PBXGroup section */

/* Begin PBXNativeTarget section */
		07D7D9DE290FB8C200479B6F /* GetARock */ = {
			isa = PBXNativeTarget;
			buildConfigurationList = 07D7DA09290FB8C400479B6F /* Build configuration list for PBXNativeTarget "GetARock" */;
			buildPhases = (
				07D7D9DB290FB8C200479B6F /* Sources */,
				07D7D9DC290FB8C200479B6F /* Frameworks */,
				07D7D9DD290FB8C200479B6F /* Resources */,
				07D7DA812911EB1100479B6F /* ShellScript */,
			);
			buildRules = (
			);
			dependencies = (
			);
			name = GetARock;
			productName = GetARock;
			productReference = 07D7D9DF290FB8C200479B6F /* GetARock.app */;
			productType = "com.apple.product-type.application";
		};
		07D7D9F4290FB8C400479B6F /* GetARockTests */ = {
			isa = PBXNativeTarget;
			buildConfigurationList = 07D7DA0C290FB8C400479B6F /* Build configuration list for PBXNativeTarget "GetARockTests" */;
			buildPhases = (
				07D7D9F1290FB8C400479B6F /* Sources */,
				07D7D9F2290FB8C400479B6F /* Frameworks */,
				07D7D9F3290FB8C400479B6F /* Resources */,
			);
			buildRules = (
			);
			dependencies = (
				07D7D9F7290FB8C400479B6F /* PBXTargetDependency */,
			);
			name = GetARockTests;
			productName = GetARockTests;
			productReference = 07D7D9F5290FB8C400479B6F /* GetARockTests.xctest */;
			productType = "com.apple.product-type.bundle.unit-test";
		};
		07D7D9FE290FB8C400479B6F /* GetARockUITests */ = {
			isa = PBXNativeTarget;
			buildConfigurationList = 07D7DA0F290FB8C400479B6F /* Build configuration list for PBXNativeTarget "GetARockUITests" */;
			buildPhases = (
				07D7D9FB290FB8C400479B6F /* Sources */,
				07D7D9FC290FB8C400479B6F /* Frameworks */,
				07D7D9FD290FB8C400479B6F /* Resources */,
			);
			buildRules = (
			);
			dependencies = (
				07D7DA01290FB8C400479B6F /* PBXTargetDependency */,
			);
			name = GetARockUITests;
			productName = GetARockUITests;
			productReference = 07D7D9FF290FB8C400479B6F /* GetARockUITests.xctest */;
			productType = "com.apple.product-type.bundle.ui-testing";
		};
/* End PBXNativeTarget section */

/* Begin PBXProject section */
		07D7D9D7290FB8C200479B6F /* Project object */ = {
			isa = PBXProject;
			attributes = {
				BuildIndependentTargetsInParallel = 1;
				LastSwiftUpdateCheck = 1330;
				LastUpgradeCheck = 1330;
				TargetAttributes = {
					07D7D9DE290FB8C200479B6F = {
						CreatedOnToolsVersion = 13.3;
					};
					07D7D9F4290FB8C400479B6F = {
						CreatedOnToolsVersion = 13.3;
						TestTargetID = 07D7D9DE290FB8C200479B6F;
					};
					07D7D9FE290FB8C400479B6F = {
						CreatedOnToolsVersion = 13.3;
						TestTargetID = 07D7D9DE290FB8C200479B6F;
					};
				};
			};
			buildConfigurationList = 07D7D9DA290FB8C200479B6F /* Build configuration list for PBXProject "GetARock" */;
			compatibilityVersion = "Xcode 13.0";
			developmentRegion = en;
			hasScannedForEncodings = 0;
			knownRegions = (
				en,
				Base,
			);
			mainGroup = 07D7D9D6290FB8C200479B6F;
			productRefGroup = 07D7D9E0290FB8C200479B6F /* Products */;
			projectDirPath = "";
			projectRoot = "";
			targets = (
				07D7D9DE290FB8C200479B6F /* GetARock */,
				07D7D9F4290FB8C400479B6F /* GetARockTests */,
				07D7D9FE290FB8C400479B6F /* GetARockUITests */,
			);
		};
/* End PBXProject section */

/* Begin PBXResourcesBuildPhase section */
		07D7D9DD290FB8C200479B6F /* Resources */ = {
			isa = PBXResourcesBuildPhase;
			buildActionMask = 2147483647;
			files = (
				84880528293B6C930085C718 /* GatheringList.storyboard in Resources */,
				66E74208292C9F12003C0B02 /* ReportReasonList.storyboard in Resources */,
				07D7DA832911EB7D00479B6F /* .swiftlint.yml in Resources */,
				3DF54FD1292BAFA6001CD16B /* RepertoireTableViewCell.xib in Resources */,
				B8B9971F29287D3700082462 /* MainMap.storyboard in Resources */,
				66285ABE292DE9F100029213 /* ReportReasonListHeader.xib in Resources */,
				84002600292BB27B0093648A /* BandTimeline.storyboard in Resources */,
				8437618D29273CF000BD2C2A /* GatheringListCell.xib in Resources */,
				07D7D9EF290FB8C400479B6F /* LaunchScreen.storyboard in Resources */,
				07D7DA4429108DCB00479B6F /* SampleView.xib in Resources */,
				6667A3202929F5DA0052A53B /* GatheringInfoPage.storyboard in Resources */,
				07D7D9EC290FB8C400479B6F /* Assets.xcassets in Resources */,
				C545AFC8293A405200C21E32 /* LocationCandidateCell.xib in Resources */,
				6606F856292CB38B00A121BF /* ReportReasonListCell.xib in Resources */,
				07D7D9EA290FB8C200479B6F /* Landing.storyboard in Resources */,
				84002606292BB75C0093648A /* BandTimelineCell.xib in Resources */,
				3D565329292855E9003D0C9F /* BandInfo.storyboard in Resources */,
				C5C7AC6B292A7F7C00698636 /* AddGathering.storyboard in Resources */,
			);
			runOnlyForDeploymentPostprocessing = 0;
		};
		07D7D9F3290FB8C400479B6F /* Resources */ = {
			isa = PBXResourcesBuildPhase;
			buildActionMask = 2147483647;
			files = (
			);
			runOnlyForDeploymentPostprocessing = 0;
		};
		07D7D9FD290FB8C400479B6F /* Resources */ = {
			isa = PBXResourcesBuildPhase;
			buildActionMask = 2147483647;
			files = (
			);
			runOnlyForDeploymentPostprocessing = 0;
		};
/* End PBXResourcesBuildPhase section */

/* Begin PBXShellScriptBuildPhase section */
		07D7DA812911EB1100479B6F /* ShellScript */ = {
			isa = PBXShellScriptBuildPhase;
			alwaysOutOfDate = 1;
			buildActionMask = 2147483647;
			files = (
			);
			inputFileListPaths = (
			);
			inputPaths = (
			);
			outputFileListPaths = (
			);
			outputPaths = (
			);
			runOnlyForDeploymentPostprocessing = 0;
			shellPath = /bin/sh;
			shellScript = "export PATH=\"$PATH:/opt/homebrew/bin\"\nif which swiftlint > /dev/null; then\n  swiftlint\nelse\n  echo \"warning: SwiftLint not installed, download from https://github.com/realm/SwiftLint\"\nfi\n";
		};
/* End PBXShellScriptBuildPhase section */

/* Begin PBXSourcesBuildPhase section */
		07D7D9DB290FB8C200479B6F /* Sources */ = {
			isa = PBXSourcesBuildPhase;
			buildActionMask = 2147483647;
			files = (
				84880527293B6C750085C718 /* GatheringListCell.swift in Sources */,
				84880526293B6C6D0085C718 /* GatheringListViewController.swift in Sources */,
				6606F855292CB38B00A121BF /* ReportReasonListCell.swift in Sources */,
				66E7420A292CA04D003C0B02 /* ReportReasonListController.swift in Sources */,
				C545AFCA293A413200C21E32 /* AddGatheringLocationViewController.swift in Sources */,
				07D7DA3C29108C9000479B6F /* SampleView.swift in Sources */,
				3DF54FCB292A43EA001CD16B /* BandMemberCollectionViewCell.swift in Sources */,
				3DF54FCF292B9223001CD16B /* RepertoireTableViewCell.swift in Sources */,
				3D0ED2232928667900AE320C /* BandInfoViewController.swift in Sources */,
				B8BE496E292E14C800E8E774 /* AnnotationView.swift in Sources */,
				0761508D29277CBB00A0562F /* VisitorComment.swift in Sources */,
				AB58E007292CB61700868720 /* TopViewOfInfoView.swift in Sources */,
				072DEDD2292687A70046A4A0 /* Location.swift in Sources */,
				C545AFC6293A403500C21E32 /* LocationCandidateCell.swift in Sources */,
				07854FCB292A9156005C8556 /* MockBandData.swift in Sources */,
				07D7DA3F29108CF800479B6F /* MyPageViewController.swift in Sources */,
				072DEDD029267D9A0046A4A0 /* Band.swift in Sources */,
				07D7D9E3290FB8C200479B6F /* AppDelegate.swift in Sources */,
				07D7DA3629108AB400479B6F /* ImageLiteral.swift in Sources */,
				AB58E00F292DEF2400868720 /* GatheringListTapViewController.swift in Sources */,
				B830849929263B780035DB2D /* MainMapViewController.swift in Sources */,
				076150912928FB9400A0562F /* Gathering.swift in Sources */,
				66E74206292C82E8003C0B02 /* ActionSheet.swift in Sources */,
				84002608292BC4BE0093648A /* BandTimelineCell.swift in Sources */,
				84002602292BB3DB0093648A /* BandTimelineViewController.swift in Sources */,
				07D7D9E5290FB8C200479B6F /* SceneDelegate.swift in Sources */,
				7BDA8F90291296B200BB2D34 /* UIView+Gradation.swift in Sources */,
				0761508B29276D8200A0562F /* Coordinate.swift in Sources */,
				7BB7099B292A47E50065136D /* CommentCreateButton.swift in Sources */,
				7BFDAA91292C94E5002FE744 /* CommentWritingPopupViewController.swift in Sources */,
				07D7DA302910895000479B6F /* LandingViewController.swift in Sources */,
				C5C7AC6D292A7FA200698636 /* AddGatheringViewController.swift in Sources */,
				C545AFCC293A41CE00C21E32 /* LocationSelectViewController.swift in Sources */,
				072DEDD429268F470046A4A0 /* PlayPosition.swift in Sources */,
				07D7DA2D291088EC00479B6F /* NSObject+Extension.swift in Sources */,
				07615093292907A900A0562F /* GatheringComment.swift in Sources */,
				7BB709972929164D0065136D /* CommentTableViewCell.swift in Sources */,
				AB58E003292CB57100868720 /* BandPageViewController.swift in Sources */,
				ABCE15B7292A052F007D30E2 /* ViewSwitchedSegmentedControl.swift in Sources */,
				07D7DA3A29108C5B00479B6F /* BaseViewController.swift in Sources */,
				07D7DA3429108A8300479B6F /* StringLiteral.swift in Sources */,
				7B04C330292D0C1F00EA2590 /* VisitorCommentViewController.swift in Sources */,
				7BDA8F8B291284FE00BB2D34 /* UIColor+Extension.swift in Sources */,
				072DEDD62926902D0046A4A0 /* AgeGroup.swift in Sources */,
				7BB7099329290AE40065136D /* CommentListView.swift in Sources */,
				7BB70999292A419B0065136D /* EmptyListView.swift in Sources */,
				07C966B9292C463100A59CF5 /* Date+String.swift in Sources */,
			);
			runOnlyForDeploymentPostprocessing = 0;
		};
		07D7D9F1290FB8C400479B6F /* Sources */ = {
			isa = PBXSourcesBuildPhase;
			buildActionMask = 2147483647;
			files = (
				07D7D9FA290FB8C400479B6F /* GetARockTests.swift in Sources */,
			);
			runOnlyForDeploymentPostprocessing = 0;
		};
		07D7D9FB290FB8C400479B6F /* Sources */ = {
			isa = PBXSourcesBuildPhase;
			buildActionMask = 2147483647;
			files = (
				07D7DA06290FB8C400479B6F /* GetARockUITestsLaunchTests.swift in Sources */,
				07D7DA04290FB8C400479B6F /* GetARockUITests.swift in Sources */,
			);
			runOnlyForDeploymentPostprocessing = 0;
		};
/* End PBXSourcesBuildPhase section */

/* Begin PBXTargetDependency section */
		07D7D9F7290FB8C400479B6F /* PBXTargetDependency */ = {
			isa = PBXTargetDependency;
			target = 07D7D9DE290FB8C200479B6F /* GetARock */;
			targetProxy = 07D7D9F6290FB8C400479B6F /* PBXContainerItemProxy */;
		};
		07D7DA01290FB8C400479B6F /* PBXTargetDependency */ = {
			isa = PBXTargetDependency;
			target = 07D7D9DE290FB8C200479B6F /* GetARock */;
			targetProxy = 07D7DA00290FB8C400479B6F /* PBXContainerItemProxy */;
		};
/* End PBXTargetDependency section */

/* Begin PBXVariantGroup section */
		07D7D9E8290FB8C200479B6F /* Landing.storyboard */ = {
			isa = PBXVariantGroup;
			children = (
				07D7D9E9290FB8C200479B6F /* Base */,
			);
			name = Landing.storyboard;
			sourceTree = "<group>";
		};
		07D7D9ED290FB8C400479B6F /* LaunchScreen.storyboard */ = {
			isa = PBXVariantGroup;
			children = (
				07D7D9EE290FB8C400479B6F /* Base */,
			);
			name = LaunchScreen.storyboard;
			sourceTree = "<group>";
		};
/* End PBXVariantGroup section */

/* Begin XCBuildConfiguration section */
		07D7DA07290FB8C400479B6F /* Debug */ = {
			isa = XCBuildConfiguration;
			buildSettings = {
				ALWAYS_SEARCH_USER_PATHS = NO;
				CLANG_ANALYZER_NONNULL = YES;
				CLANG_ANALYZER_NUMBER_OBJECT_CONVERSION = YES_AGGRESSIVE;
				CLANG_CXX_LANGUAGE_STANDARD = "gnu++17";
				CLANG_ENABLE_MODULES = YES;
				CLANG_ENABLE_OBJC_ARC = YES;
				CLANG_ENABLE_OBJC_WEAK = YES;
				CLANG_WARN_BLOCK_CAPTURE_AUTORELEASING = YES;
				CLANG_WARN_BOOL_CONVERSION = YES;
				CLANG_WARN_COMMA = YES;
				CLANG_WARN_CONSTANT_CONVERSION = YES;
				CLANG_WARN_DEPRECATED_OBJC_IMPLEMENTATIONS = YES;
				CLANG_WARN_DIRECT_OBJC_ISA_USAGE = YES_ERROR;
				CLANG_WARN_DOCUMENTATION_COMMENTS = YES;
				CLANG_WARN_EMPTY_BODY = YES;
				CLANG_WARN_ENUM_CONVERSION = YES;
				CLANG_WARN_INFINITE_RECURSION = YES;
				CLANG_WARN_INT_CONVERSION = YES;
				CLANG_WARN_NON_LITERAL_NULL_CONVERSION = YES;
				CLANG_WARN_OBJC_IMPLICIT_RETAIN_SELF = YES;
				CLANG_WARN_OBJC_LITERAL_CONVERSION = YES;
				CLANG_WARN_OBJC_ROOT_CLASS = YES_ERROR;
				CLANG_WARN_QUOTED_INCLUDE_IN_FRAMEWORK_HEADER = YES;
				CLANG_WARN_RANGE_LOOP_ANALYSIS = YES;
				CLANG_WARN_STRICT_PROTOTYPES = YES;
				CLANG_WARN_SUSPICIOUS_MOVE = YES;
				CLANG_WARN_UNGUARDED_AVAILABILITY = YES_AGGRESSIVE;
				CLANG_WARN_UNREACHABLE_CODE = YES;
				CLANG_WARN__DUPLICATE_METHOD_MATCH = YES;
				COPY_PHASE_STRIP = NO;
				DEBUG_INFORMATION_FORMAT = dwarf;
				ENABLE_STRICT_OBJC_MSGSEND = YES;
				ENABLE_TESTABILITY = YES;
				GCC_C_LANGUAGE_STANDARD = gnu11;
				GCC_DYNAMIC_NO_PIC = NO;
				GCC_NO_COMMON_BLOCKS = YES;
				GCC_OPTIMIZATION_LEVEL = 0;
				GCC_PREPROCESSOR_DEFINITIONS = (
					"DEBUG=1",
					"$(inherited)",
				);
				GCC_WARN_64_TO_32_BIT_CONVERSION = YES;
				GCC_WARN_ABOUT_RETURN_TYPE = YES_ERROR;
				GCC_WARN_UNDECLARED_SELECTOR = YES;
				GCC_WARN_UNINITIALIZED_AUTOS = YES_AGGRESSIVE;
				GCC_WARN_UNUSED_FUNCTION = YES;
				GCC_WARN_UNUSED_VARIABLE = YES;
				IPHONEOS_DEPLOYMENT_TARGET = 14.0;
				MTL_ENABLE_DEBUG_INFO = INCLUDE_SOURCE;
				MTL_FAST_MATH = YES;
				ONLY_ACTIVE_ARCH = YES;
				SDKROOT = iphoneos;
				SWIFT_ACTIVE_COMPILATION_CONDITIONS = DEBUG;
				SWIFT_OPTIMIZATION_LEVEL = "-Onone";
			};
			name = Debug;
		};
		07D7DA08290FB8C400479B6F /* Release */ = {
			isa = XCBuildConfiguration;
			buildSettings = {
				ALWAYS_SEARCH_USER_PATHS = NO;
				CLANG_ANALYZER_NONNULL = YES;
				CLANG_ANALYZER_NUMBER_OBJECT_CONVERSION = YES_AGGRESSIVE;
				CLANG_CXX_LANGUAGE_STANDARD = "gnu++17";
				CLANG_ENABLE_MODULES = YES;
				CLANG_ENABLE_OBJC_ARC = YES;
				CLANG_ENABLE_OBJC_WEAK = YES;
				CLANG_WARN_BLOCK_CAPTURE_AUTORELEASING = YES;
				CLANG_WARN_BOOL_CONVERSION = YES;
				CLANG_WARN_COMMA = YES;
				CLANG_WARN_CONSTANT_CONVERSION = YES;
				CLANG_WARN_DEPRECATED_OBJC_IMPLEMENTATIONS = YES;
				CLANG_WARN_DIRECT_OBJC_ISA_USAGE = YES_ERROR;
				CLANG_WARN_DOCUMENTATION_COMMENTS = YES;
				CLANG_WARN_EMPTY_BODY = YES;
				CLANG_WARN_ENUM_CONVERSION = YES;
				CLANG_WARN_INFINITE_RECURSION = YES;
				CLANG_WARN_INT_CONVERSION = YES;
				CLANG_WARN_NON_LITERAL_NULL_CONVERSION = YES;
				CLANG_WARN_OBJC_IMPLICIT_RETAIN_SELF = YES;
				CLANG_WARN_OBJC_LITERAL_CONVERSION = YES;
				CLANG_WARN_OBJC_ROOT_CLASS = YES_ERROR;
				CLANG_WARN_QUOTED_INCLUDE_IN_FRAMEWORK_HEADER = YES;
				CLANG_WARN_RANGE_LOOP_ANALYSIS = YES;
				CLANG_WARN_STRICT_PROTOTYPES = YES;
				CLANG_WARN_SUSPICIOUS_MOVE = YES;
				CLANG_WARN_UNGUARDED_AVAILABILITY = YES_AGGRESSIVE;
				CLANG_WARN_UNREACHABLE_CODE = YES;
				CLANG_WARN__DUPLICATE_METHOD_MATCH = YES;
				COPY_PHASE_STRIP = NO;
				DEBUG_INFORMATION_FORMAT = "dwarf-with-dsym";
				ENABLE_NS_ASSERTIONS = NO;
				ENABLE_STRICT_OBJC_MSGSEND = YES;
				GCC_C_LANGUAGE_STANDARD = gnu11;
				GCC_NO_COMMON_BLOCKS = YES;
				GCC_WARN_64_TO_32_BIT_CONVERSION = YES;
				GCC_WARN_ABOUT_RETURN_TYPE = YES_ERROR;
				GCC_WARN_UNDECLARED_SELECTOR = YES;
				GCC_WARN_UNINITIALIZED_AUTOS = YES_AGGRESSIVE;
				GCC_WARN_UNUSED_FUNCTION = YES;
				GCC_WARN_UNUSED_VARIABLE = YES;
				IPHONEOS_DEPLOYMENT_TARGET = 14.0;
				MTL_ENABLE_DEBUG_INFO = NO;
				MTL_FAST_MATH = YES;
				SDKROOT = iphoneos;
				SWIFT_COMPILATION_MODE = wholemodule;
				SWIFT_OPTIMIZATION_LEVEL = "-O";
				VALIDATE_PRODUCT = YES;
			};
			name = Release;
		};
		07D7DA0A290FB8C400479B6F /* Debug */ = {
			isa = XCBuildConfiguration;
			buildSettings = {
				ASSETCATALOG_COMPILER_APPICON_NAME = AppIcon;
				ASSETCATALOG_COMPILER_GLOBAL_ACCENT_COLOR_NAME = AccentColor;
				CODE_SIGN_STYLE = Automatic;
				CURRENT_PROJECT_VERSION = 1;
				DEVELOPMENT_TEAM = "";
				GENERATE_INFOPLIST_FILE = YES;
				INFOPLIST_FILE = GetARock/Global/Supports/Info.plist;
				INFOPLIST_KEY_NSLocationAlwaysAndWhenInUseUsageDescription = "사용자의 위치 정보를 받아오려고 합니다. ";
				INFOPLIST_KEY_NSLocationWhenInUseUsageDescription = "사용자의 위치 정보를 받아오려고 합니다. ";
				INFOPLIST_KEY_UIApplicationSupportsIndirectInputEvents = YES;
				INFOPLIST_KEY_UILaunchStoryboardName = LaunchScreen;
				INFOPLIST_KEY_UIMainStoryboardFile = Landing;
				INFOPLIST_KEY_UISupportedInterfaceOrientations = UIInterfaceOrientationPortrait;
				INFOPLIST_KEY_UISupportedInterfaceOrientations_iPad = "UIInterfaceOrientationPortrait UIInterfaceOrientationPortraitUpsideDown UIInterfaceOrientationLandscapeLeft UIInterfaceOrientationLandscapeRight";
				INFOPLIST_KEY_UISupportedInterfaceOrientations_iPhone = UIInterfaceOrientationPortrait;
				INFOPLIST_KEY_UIUserInterfaceStyle = Dark;
				IPHONEOS_DEPLOYMENT_TARGET = 14.0;
				LD_RUNPATH_SEARCH_PATHS = (
					"$(inherited)",
					"@executable_path/Frameworks",
				);
				MARKETING_VERSION = 1.0;
				PRODUCT_BUNDLE_IDENTIFIER = com.ExtremeRock.GetARock;
				PRODUCT_NAME = "$(TARGET_NAME)";
				SWIFT_EMIT_LOC_STRINGS = YES;
				SWIFT_VERSION = 5.0;
				TARGETED_DEVICE_FAMILY = 1;
			};
			name = Debug;
		};
		07D7DA0B290FB8C400479B6F /* Release */ = {
			isa = XCBuildConfiguration;
			buildSettings = {
				ASSETCATALOG_COMPILER_APPICON_NAME = AppIcon;
				ASSETCATALOG_COMPILER_GLOBAL_ACCENT_COLOR_NAME = AccentColor;
				CODE_SIGN_STYLE = Automatic;
				CURRENT_PROJECT_VERSION = 1;
				DEVELOPMENT_TEAM = "";
				GENERATE_INFOPLIST_FILE = YES;
				INFOPLIST_FILE = GetARock/Global/Supports/Info.plist;
				INFOPLIST_KEY_NSLocationAlwaysAndWhenInUseUsageDescription = "사용자의 위치 정보를 받아오려고 합니다. ";
				INFOPLIST_KEY_NSLocationWhenInUseUsageDescription = "사용자의 위치 정보를 받아오려고 합니다. ";
				INFOPLIST_KEY_UIApplicationSupportsIndirectInputEvents = YES;
				INFOPLIST_KEY_UILaunchStoryboardName = LaunchScreen;
				INFOPLIST_KEY_UIMainStoryboardFile = Landing;
				INFOPLIST_KEY_UISupportedInterfaceOrientations = UIInterfaceOrientationPortrait;
				INFOPLIST_KEY_UISupportedInterfaceOrientations_iPad = "UIInterfaceOrientationPortrait UIInterfaceOrientationPortraitUpsideDown UIInterfaceOrientationLandscapeLeft UIInterfaceOrientationLandscapeRight";
				INFOPLIST_KEY_UISupportedInterfaceOrientations_iPhone = UIInterfaceOrientationPortrait;
				INFOPLIST_KEY_UIUserInterfaceStyle = Dark;
				IPHONEOS_DEPLOYMENT_TARGET = 14.0;
				LD_RUNPATH_SEARCH_PATHS = (
					"$(inherited)",
					"@executable_path/Frameworks",
				);
				MARKETING_VERSION = 1.0;
				PRODUCT_BUNDLE_IDENTIFIER = com.ExtremeRock.GetARock;
				PRODUCT_NAME = "$(TARGET_NAME)";
				SWIFT_EMIT_LOC_STRINGS = YES;
				SWIFT_VERSION = 5.0;
				TARGETED_DEVICE_FAMILY = 1;
			};
			name = Release;
		};
		07D7DA0D290FB8C400479B6F /* Debug */ = {
			isa = XCBuildConfiguration;
			buildSettings = {
				ALWAYS_EMBED_SWIFT_STANDARD_LIBRARIES = YES;
				BUNDLE_LOADER = "$(TEST_HOST)";
				CODE_SIGN_STYLE = Automatic;
				CURRENT_PROJECT_VERSION = 1;
				GENERATE_INFOPLIST_FILE = YES;
				IPHONEOS_DEPLOYMENT_TARGET = 14.0;
				MARKETING_VERSION = 1.0;
				PRODUCT_BUNDLE_IDENTIFIER = com.ExtremeRock.GetARockTests;
				PRODUCT_NAME = "$(TARGET_NAME)";
				SWIFT_EMIT_LOC_STRINGS = NO;
				SWIFT_VERSION = 5.0;
				TARGETED_DEVICE_FAMILY = "1,2";
				TEST_HOST = "$(BUILT_PRODUCTS_DIR)/GetARock.app/GetARock";
			};
			name = Debug;
		};
		07D7DA0E290FB8C400479B6F /* Release */ = {
			isa = XCBuildConfiguration;
			buildSettings = {
				ALWAYS_EMBED_SWIFT_STANDARD_LIBRARIES = YES;
				BUNDLE_LOADER = "$(TEST_HOST)";
				CODE_SIGN_STYLE = Automatic;
				CURRENT_PROJECT_VERSION = 1;
				GENERATE_INFOPLIST_FILE = YES;
				IPHONEOS_DEPLOYMENT_TARGET = 14.0;
				MARKETING_VERSION = 1.0;
				PRODUCT_BUNDLE_IDENTIFIER = com.ExtremeRock.GetARockTests;
				PRODUCT_NAME = "$(TARGET_NAME)";
				SWIFT_EMIT_LOC_STRINGS = NO;
				SWIFT_VERSION = 5.0;
				TARGETED_DEVICE_FAMILY = "1,2";
				TEST_HOST = "$(BUILT_PRODUCTS_DIR)/GetARock.app/GetARock";
			};
			name = Release;
		};
		07D7DA10290FB8C400479B6F /* Debug */ = {
			isa = XCBuildConfiguration;
			buildSettings = {
				ALWAYS_EMBED_SWIFT_STANDARD_LIBRARIES = YES;
				CODE_SIGN_STYLE = Automatic;
				CURRENT_PROJECT_VERSION = 1;
				GENERATE_INFOPLIST_FILE = YES;
				MARKETING_VERSION = 1.0;
				PRODUCT_BUNDLE_IDENTIFIER = com.ExtremeRock.GetARockUITests;
				PRODUCT_NAME = "$(TARGET_NAME)";
				SWIFT_EMIT_LOC_STRINGS = NO;
				SWIFT_VERSION = 5.0;
				TARGETED_DEVICE_FAMILY = "1,2";
				TEST_TARGET_NAME = GetARock;
			};
			name = Debug;
		};
		07D7DA11290FB8C400479B6F /* Release */ = {
			isa = XCBuildConfiguration;
			buildSettings = {
				ALWAYS_EMBED_SWIFT_STANDARD_LIBRARIES = YES;
				CODE_SIGN_STYLE = Automatic;
				CURRENT_PROJECT_VERSION = 1;
				GENERATE_INFOPLIST_FILE = YES;
				MARKETING_VERSION = 1.0;
				PRODUCT_BUNDLE_IDENTIFIER = com.ExtremeRock.GetARockUITests;
				PRODUCT_NAME = "$(TARGET_NAME)";
				SWIFT_EMIT_LOC_STRINGS = NO;
				SWIFT_VERSION = 5.0;
				TARGETED_DEVICE_FAMILY = "1,2";
				TEST_TARGET_NAME = GetARock;
			};
			name = Release;
		};
/* End XCBuildConfiguration section */

/* Begin XCConfigurationList section */
		07D7D9DA290FB8C200479B6F /* Build configuration list for PBXProject "GetARock" */ = {
			isa = XCConfigurationList;
			buildConfigurations = (
				07D7DA07290FB8C400479B6F /* Debug */,
				07D7DA08290FB8C400479B6F /* Release */,
			);
			defaultConfigurationIsVisible = 0;
			defaultConfigurationName = Release;
		};
		07D7DA09290FB8C400479B6F /* Build configuration list for PBXNativeTarget "GetARock" */ = {
			isa = XCConfigurationList;
			buildConfigurations = (
				07D7DA0A290FB8C400479B6F /* Debug */,
				07D7DA0B290FB8C400479B6F /* Release */,
			);
			defaultConfigurationIsVisible = 0;
			defaultConfigurationName = Release;
		};
		07D7DA0C290FB8C400479B6F /* Build configuration list for PBXNativeTarget "GetARockTests" */ = {
			isa = XCConfigurationList;
			buildConfigurations = (
				07D7DA0D290FB8C400479B6F /* Debug */,
				07D7DA0E290FB8C400479B6F /* Release */,
			);
			defaultConfigurationIsVisible = 0;
			defaultConfigurationName = Release;
		};
		07D7DA0F290FB8C400479B6F /* Build configuration list for PBXNativeTarget "GetARockUITests" */ = {
			isa = XCConfigurationList;
			buildConfigurations = (
				07D7DA10290FB8C400479B6F /* Debug */,
				07D7DA11290FB8C400479B6F /* Release */,
			);
			defaultConfigurationIsVisible = 0;
			defaultConfigurationName = Release;
		};
/* End XCConfigurationList section */
	};
	rootObject = 07D7D9D7290FB8C200479B6F /* Project object */;
}
