// !$*UTF8*$!
{
	archiveVersion = 1;
	classes = {
	};
	objectVersion = 55;
	objects = {

/* Begin PBXBuildFile section */
		07D7D9E3290FB8C200479B6F /* AppDelegate.swift in Sources */ = {isa = PBXBuildFile; fileRef = 07D7D9E2290FB8C200479B6F /* AppDelegate.swift */; };
		07D7D9E5290FB8C200479B6F /* SceneDelegate.swift in Sources */ = {isa = PBXBuildFile; fileRef = 07D7D9E4290FB8C200479B6F /* SceneDelegate.swift */; };
		07D7D9E7290FB8C200479B6F /* ViewController.swift in Sources */ = {isa = PBXBuildFile; fileRef = 07D7D9E6290FB8C200479B6F /* ViewController.swift */; };
		07D7D9EA290FB8C200479B6F /* Main.storyboard in Resources */ = {isa = PBXBuildFile; fileRef = 07D7D9E8290FB8C200479B6F /* Main.storyboard */; };
		07D7D9EC290FB8C400479B6F /* Assets.xcassets in Resources */ = {isa = PBXBuildFile; fileRef = 07D7D9EB290FB8C400479B6F /* Assets.xcassets */; };
		07D7D9EF290FB8C400479B6F /* LaunchScreen.storyboard in Resources */ = {isa = PBXBuildFile; fileRef = 07D7D9ED290FB8C400479B6F /* LaunchScreen.storyboard */; };
		07D7D9FA290FB8C400479B6F /* GetARockTests.swift in Sources */ = {isa = PBXBuildFile; fileRef = 07D7D9F9290FB8C400479B6F /* GetARockTests.swift */; };
		07D7DA04290FB8C400479B6F /* GetARockUITests.swift in Sources */ = {isa = PBXBuildFile; fileRef = 07D7DA03290FB8C400479B6F /* GetARockUITests.swift */; };
		07D7DA06290FB8C400479B6F /* GetARockUITestsLaunchTests.swift in Sources */ = {isa = PBXBuildFile; fileRef = 07D7DA05290FB8C400479B6F /* GetARockUITestsLaunchTests.swift */; };
/* End PBXBuildFile section */

/* Begin PBXContainerItemProxy section */
		07D7D9F6290FB8C400479B6F /* PBXContainerItemProxy */ = {
			isa = PBXContainerItemProxy;
			containerPortal = 07D7D9D7290FB8C200479B6F /* Project object */;
			proxyType = 1;
			remoteGlobalIDString = 07D7D9DE290FB8C200479B6F;
			remoteInfo = GetARock;
		};
		07D7DA00290FB8C400479B6F /* PBXContainerItemProxy */ = {
			isa = PBXContainerItemProxy;
			containerPortal = 07D7D9D7290FB8C200479B6F /* Project object */;
			proxyType = 1;
			remoteGlobalIDString = 07D7D9DE290FB8C200479B6F;
			remoteInfo = GetARock;
		};
/* End PBXContainerItemProxy section */

/* Begin PBXFileReference section */
		07D7D9DF290FB8C200479B6F /* GetARock.app */ = {isa = PBXFileReference; explicitFileType = wrapper.application; includeInIndex = 0; path = GetARock.app; sourceTree = BUILT_PRODUCTS_DIR; };
		07D7D9E2290FB8C200479B6F /* AppDelegate.swift */ = {isa = PBXFileReference; lastKnownFileType = sourcecode.swift; path = AppDelegate.swift; sourceTree = "<group>"; };
		07D7D9E4290FB8C200479B6F /* SceneDelegate.swift */ = {isa = PBXFileReference; lastKnownFileType = sourcecode.swift; path = SceneDelegate.swift; sourceTree = "<group>"; };
		07D7D9E6290FB8C200479B6F /* ViewController.swift */ = {isa = PBXFileReference; lastKnownFileType = sourcecode.swift; path = ViewController.swift; sourceTree = "<group>"; };
		07D7D9E9290FB8C200479B6F /* Base */ = {isa = PBXFileReference; lastKnownFileType = file.storyboard; name = Base; path = Base.lproj/Main.storyboard; sourceTree = "<group>"; };
		07D7D9EB290FB8C400479B6F /* Assets.xcassets */ = {isa = PBXFileReference; lastKnownFileType = folder.assetcatalog; path = Assets.xcassets; sourceTree = "<group>"; };
		07D7D9EE290FB8C400479B6F /* Base */ = {isa = PBXFileReference; lastKnownFileType = file.storyboard; name = Base; path = Base.lproj/LaunchScreen.storyboard; sourceTree = "<group>"; };
		07D7D9F0290FB8C400479B6F /* Info.plist */ = {isa = PBXFileReference; lastKnownFileType = text.plist.xml; path = Info.plist; sourceTree = "<group>"; };
		07D7D9F5290FB8C400479B6F /* GetARockTests.xctest */ = {isa = PBXFileReference; explicitFileType = wrapper.cfbundle; includeInIndex = 0; path = GetARockTests.xctest; sourceTree = BUILT_PRODUCTS_DIR; };
		07D7D9F9290FB8C400479B6F /* GetARockTests.swift */ = {isa = PBXFileReference; lastKnownFileType = sourcecode.swift; path = GetARockTests.swift; sourceTree = "<group>"; };
		07D7D9FF290FB8C400479B6F /* GetARockUITests.xctest */ = {isa = PBXFileReference; explicitFileType = wrapper.cfbundle; includeInIndex = 0; path = GetARockUITests.xctest; sourceTree = BUILT_PRODUCTS_DIR; };
		07D7DA03290FB8C400479B6F /* GetARockUITests.swift */ = {isa = PBXFileReference; lastKnownFileType = sourcecode.swift; path = GetARockUITests.swift; sourceTree = "<group>"; };
		07D7DA05290FB8C400479B6F /* GetARockUITestsLaunchTests.swift */ = {isa = PBXFileReference; lastKnownFileType = sourcecode.swift; path = GetARockUITestsLaunchTests.swift; sourceTree = "<group>"; };
/* End PBXFileReference section */

/* Begin PBXFrameworksBuildPhase section */
		07D7D9DC290FB8C200479B6F /* Frameworks */ = {
			isa = PBXFrameworksBuildPhase;
			buildActionMask = 2147483647;
			files = (
			);
			runOnlyForDeploymentPostprocessing = 0;
		};
		07D7D9F2290FB8C400479B6F /* Frameworks */ = {
			isa = PBXFrameworksBuildPhase;
			buildActionMask = 2147483647;
			files = (
			);
			runOnlyForDeploymentPostprocessing = 0;
		};
		07D7D9FC290FB8C400479B6F /* Frameworks */ = {
			isa = PBXFrameworksBuildPhase;
			buildActionMask = 2147483647;
			files = (
			);
			runOnlyForDeploymentPostprocessing = 0;
		};
/* End PBXFrameworksBuildPhase section */

/* Begin PBXGroup section */
		07D7D9D6290FB8C200479B6F = {
			isa = PBXGroup;
			children = (
				07D7D9E1290FB8C200479B6F /* GetARock */,
				07D7D9F8290FB8C400479B6F /* GetARockTests */,
				07D7DA02290FB8C400479B6F /* GetARockUITests */,
				07D7D9E0290FB8C200479B6F /* Products */,
			);
			sourceTree = "<group>";
		};
		07D7D9E0290FB8C200479B6F /* Products */ = {
			isa = PBXGroup;
			children = (
				07D7D9DF290FB8C200479B6F /* GetARock.app */,
				07D7D9F5290FB8C400479B6F /* GetARockTests.xctest */,
				07D7D9FF290FB8C400479B6F /* GetARockUITests.xctest */,
			);
			name = Products;
			sourceTree = "<group>";
		};
		07D7D9E1290FB8C200479B6F /* GetARock */ = {
			isa = PBXGroup;
			children = (
				07D7D9E2290FB8C200479B6F /* AppDelegate.swift */,
				07D7D9E4290FB8C200479B6F /* SceneDelegate.swift */,
				07D7D9E6290FB8C200479B6F /* ViewController.swift */,
				07D7D9E8290FB8C200479B6F /* Main.storyboard */,
				07D7D9EB290FB8C400479B6F /* Assets.xcassets */,
				07D7D9ED290FB8C400479B6F /* LaunchScreen.storyboard */,
				07D7D9F0290FB8C400479B6F /* Info.plist */,
			);
			path = GetARock;
			sourceTree = "<group>";
		};
		07D7D9F8290FB8C400479B6F /* GetARockTests */ = {
			isa = PBXGroup;
			children = (
				07D7D9F9290FB8C400479B6F /* GetARockTests.swift */,
			);
			path = GetARockTests;
			sourceTree = "<group>";
		};
		07D7DA02290FB8C400479B6F /* GetARockUITests */ = {
			isa = PBXGroup;
			children = (
				07D7DA03290FB8C400479B6F /* GetARockUITests.swift */,
				07D7DA05290FB8C400479B6F /* GetARockUITestsLaunchTests.swift */,
			);
			path = GetARockUITests;
			sourceTree = "<group>";
		};
/* End PBXGroup section */

/* Begin PBXNativeTarget section */
		07D7D9DE290FB8C200479B6F /* GetARock */ = {
			isa = PBXNativeTarget;
			buildConfigurationList = 07D7DA09290FB8C400479B6F /* Build configuration list for PBXNativeTarget "GetARock" */;
			buildPhases = (
				07D7D9DB290FB8C200479B6F /* Sources */,
				07D7D9DC290FB8C200479B6F /* Frameworks */,
				07D7D9DD290FB8C200479B6F /* Resources */,
			);
			buildRules = (
			);
			dependencies = (
			);
			name = GetARock;
			productName = GetARock;
			productReference = 07D7D9DF290FB8C200479B6F /* GetARock.app */;
			productType = "com.apple.product-type.application";
		};
		07D7D9F4290FB8C400479B6F /* GetARockTests */ = {
			isa = PBXNativeTarget;
			buildConfigurationList = 07D7DA0C290FB8C400479B6F /* Build configuration list for PBXNativeTarget "GetARockTests" */;
			buildPhases = (
				07D7D9F1290FB8C400479B6F /* Sources */,
				07D7D9F2290FB8C400479B6F /* Frameworks */,
				07D7D9F3290FB8C400479B6F /* Resources */,
			);
			buildRules = (
			);
			dependencies = (
				07D7D9F7290FB8C400479B6F /* PBXTargetDependency */,
			);
			name = GetARockTests;
			productName = GetARockTests;
			productReference = 07D7D9F5290FB8C400479B6F /* GetARockTests.xctest */;
			productType = "com.apple.product-type.bundle.unit-test";
		};
		07D7D9FE290FB8C400479B6F /* GetARockUITests */ = {
			isa = PBXNativeTarget;
			buildConfigurationList = 07D7DA0F290FB8C400479B6F /* Build configuration list for PBXNativeTarget "GetARockUITests" */;
			buildPhases = (
				07D7D9FB290FB8C400479B6F /* Sources */,
				07D7D9FC290FB8C400479B6F /* Frameworks */,
				07D7D9FD290FB8C400479B6F /* Resources */,
			);
			buildRules = (
			);
			dependencies = (
				07D7DA01290FB8C400479B6F /* PBXTargetDependency */,
			);
			name = GetARockUITests;
			productName = GetARockUITests;
			productReference = 07D7D9FF290FB8C400479B6F /* GetARockUITests.xctest */;
			productType = "com.apple.product-type.bundle.ui-testing";
		};
/* End PBXNativeTarget section */

/* Begin PBXProject section */
		07D7D9D7290FB8C200479B6F /* Project object */ = {
			isa = PBXProject;
			attributes = {
				BuildIndependentTargetsInParallel = 1;
				LastSwiftUpdateCheck = 1330;
				LastUpgradeCheck = 1330;
				TargetAttributes = {
					07D7D9DE290FB8C200479B6F = {
						CreatedOnToolsVersion = 13.3;
					};
					07D7D9F4290FB8C400479B6F = {
						CreatedOnToolsVersion = 13.3;
						TestTargetID = 07D7D9DE290FB8C200479B6F;
					};
					07D7D9FE290FB8C400479B6F = {
						CreatedOnToolsVersion = 13.3;
						TestTargetID = 07D7D9DE290FB8C200479B6F;
					};
				};
			};
			buildConfigurationList = 07D7D9DA290FB8C200479B6F /* Build configuration list for PBXProject "GetARock" */;
			compatibilityVersion = "Xcode 13.0";
			developmentRegion = en;
			hasScannedForEncodings = 0;
			knownRegions = (
				en,
				Base,
			);
			mainGroup = 07D7D9D6290FB8C200479B6F;
			productRefGroup = 07D7D9E0290FB8C200479B6F /* Products */;
			projectDirPath = "";
			projectRoot = "";
			targets = (
				07D7D9DE290FB8C200479B6F /* GetARock */,
				07D7D9F4290FB8C400479B6F /* GetARockTests */,
				07D7D9FE290FB8C400479B6F /* GetARockUITests */,
			);
		};
/* End PBXProject section */

/* Begin PBXResourcesBuildPhase section */
		07D7D9DD290FB8C200479B6F /* Resources */ = {
			isa = PBXResourcesBuildPhase;
			buildActionMask = 2147483647;
			files = (
				07D7D9EF290FB8C400479B6F /* LaunchScreen.storyboard in Resources */,
				07D7D9EC290FB8C400479B6F /* Assets.xcassets in Resources */,
				07D7D9EA290FB8C200479B6F /* Main.storyboard in Resources */,
			);
			runOnlyForDeploymentPostprocessing = 0;
		};
		07D7D9F3290FB8C400479B6F /* Resources */ = {
			isa = PBXResourcesBuildPhase;
			buildActionMask = 2147483647;
			files = (
			);
			runOnlyForDeploymentPostprocessing = 0;
		};
		07D7D9FD290FB8C400479B6F /* Resources */ = {
			isa = PBXResourcesBuildPhase;
			buildActionMask = 2147483647;
			files = (
			);
			runOnlyForDeploymentPostprocessing = 0;
		};
/* End PBXResourcesBuildPhase section */

/* Begin PBXSourcesBuildPhase section */
		07D7D9DB290FB8C200479B6F /* Sources */ = {
			isa = PBXSourcesBuildPhase;
			buildActionMask = 2147483647;
			files = (
				07D7D9E7290FB8C200479B6F /* ViewController.swift in Sources */,
				07D7D9E3290FB8C200479B6F /* AppDelegate.swift in Sources */,
				07D7D9E5290FB8C200479B6F /* SceneDelegate.swift in Sources */,
			);
			runOnlyForDeploymentPostprocessing = 0;
		};
		07D7D9F1290FB8C400479B6F /* Sources */ = {
			isa = PBXSourcesBuildPhase;
			buildActionMask = 2147483647;
			files = (
				07D7D9FA290FB8C400479B6F /* GetARockTests.swift in Sources */,
			);
			runOnlyForDeploymentPostprocessing = 0;
		};
		07D7D9FB290FB8C400479B6F /* Sources */ = {
			isa = PBXSourcesBuildPhase;
			buildActionMask = 2147483647;
			files = (
				07D7DA06290FB8C400479B6F /* GetARockUITestsLaunchTests.swift in Sources */,
				07D7DA04290FB8C400479B6F /* GetARockUITests.swift in Sources */,
			);
			runOnlyForDeploymentPostprocessing = 0;
		};
/* End PBXSourcesBuildPhase section */

/* Begin PBXTargetDependency section */
		07D7D9F7290FB8C400479B6F /* PBXTargetDependency */ = {
			isa = PBXTargetDependency;
			target = 07D7D9DE290FB8C200479B6F /* GetARock */;
			targetProxy = 07D7D9F6290FB8C400479B6F /* PBXContainerItemProxy */;
		};
		07D7DA01290FB8C400479B6F /* PBXTargetDependency */ = {
			isa = PBXTargetDependency;
			target = 07D7D9DE290FB8C200479B6F /* GetARock */;
			targetProxy = 07D7DA00290FB8C400479B6F /* PBXContainerItemProxy */;
		};
/* End PBXTargetDependency section */

/* Begin PBXVariantGroup section */
		07D7D9E8290FB8C200479B6F /* Main.storyboard */ = {
			isa = PBXVariantGroup;
			children = (
				07D7D9E9290FB8C200479B6F /* Base */,
			);
			name = Main.storyboard;
			sourceTree = "<group>";
		};
		07D7D9ED290FB8C400479B6F /* LaunchScreen.storyboard */ = {
			isa = PBXVariantGroup;
			children = (
				07D7D9EE290FB8C400479B6F /* Base */,
			);
			name = LaunchScreen.storyboard;
			sourceTree = "<group>";
		};
/* End PBXVariantGroup section */

/* Begin XCBuildConfiguration section */
		07D7DA07290FB8C400479B6F /* Debug */ = {
			isa = XCBuildConfiguration;
			buildSettings = {
				ALWAYS_SEARCH_USER_PATHS = NO;
				CLANG_ANALYZER_NONNULL = YES;
				CLANG_ANALYZER_NUMBER_OBJECT_CONVERSION = YES_AGGRESSIVE;
				CLANG_CXX_LANGUAGE_STANDARD = "gnu++17";
				CLANG_ENABLE_MODULES = YES;
				CLANG_ENABLE_OBJC_ARC = YES;
				CLANG_ENABLE_OBJC_WEAK = YES;
				CLANG_WARN_BLOCK_CAPTURE_AUTORELEASING = YES;
				CLANG_WARN_BOOL_CONVERSION = YES;
				CLANG_WARN_COMMA = YES;
				CLANG_WARN_CONSTANT_CONVERSION = YES;
				CLANG_WARN_DEPRECATED_OBJC_IMPLEMENTATIONS = YES;
				CLANG_WARN_DIRECT_OBJC_ISA_USAGE = YES_ERROR;
				CLANG_WARN_DOCUMENTATION_COMMENTS = YES;
				CLANG_WARN_EMPTY_BODY = YES;
				CLANG_WARN_ENUM_CONVERSION = YES;
				CLANG_WARN_INFINITE_RECURSION = YES;
				CLANG_WARN_INT_CONVERSION = YES;
				CLANG_WARN_NON_LITERAL_NULL_CONVERSION = YES;
				CLANG_WARN_OBJC_IMPLICIT_RETAIN_SELF = YES;
				CLANG_WARN_OBJC_LITERAL_CONVERSION = YES;
				CLANG_WARN_OBJC_ROOT_CLASS = YES_ERROR;
				CLANG_WARN_QUOTED_INCLUDE_IN_FRAMEWORK_HEADER = YES;
				CLANG_WARN_RANGE_LOOP_ANALYSIS = YES;
				CLANG_WARN_STRICT_PROTOTYPES = YES;
				CLANG_WARN_SUSPICIOUS_MOVE = YES;
				CLANG_WARN_UNGUARDED_AVAILABILITY = YES_AGGRESSIVE;
				CLANG_WARN_UNREACHABLE_CODE = YES;
				CLANG_WARN__DUPLICATE_METHOD_MATCH = YES;
				COPY_PHASE_STRIP = NO;
				DEBUG_INFORMATION_FORMAT = dwarf;
				ENABLE_STRICT_OBJC_MSGSEND = YES;
				ENABLE_TESTABILITY = YES;
				GCC_C_LANGUAGE_STANDARD = gnu11;
				GCC_DYNAMIC_NO_PIC = NO;
				GCC_NO_COMMON_BLOCKS = YES;
				GCC_OPTIMIZATION_LEVEL = 0;
				GCC_PREPROCESSOR_DEFINITIONS = (
					"DEBUG=1",
					"$(inherited)",
				);
				GCC_WARN_64_TO_32_BIT_CONVERSION = YES;
				GCC_WARN_ABOUT_RETURN_TYPE = YES_ERROR;
				GCC_WARN_UNDECLARED_SELECTOR = YES;
				GCC_WARN_UNINITIALIZED_AUTOS = YES_AGGRESSIVE;
				GCC_WARN_UNUSED_FUNCTION = YES;
				GCC_WARN_UNUSED_VARIABLE = YES;
				IPHONEOS_DEPLOYMENT_TARGET = 15.4;
				MTL_ENABLE_DEBUG_INFO = INCLUDE_SOURCE;
				MTL_FAST_MATH = YES;
				ONLY_ACTIVE_ARCH = YES;
				SDKROOT = iphoneos;
				SWIFT_ACTIVE_COMPILATION_CONDITIONS = DEBUG;
				SWIFT_OPTIMIZATION_LEVEL = "-Onone";
			};
			name = Debug;
		};
		07D7DA08290FB8C400479B6F /* Release */ = {
			isa = XCBuildConfiguration;
			buildSettings = {
				ALWAYS_SEARCH_USER_PATHS = NO;
				CLANG_ANALYZER_NONNULL = YES;
				CLANG_ANALYZER_NUMBER_OBJECT_CONVERSION = YES_AGGRESSIVE;
				CLANG_CXX_LANGUAGE_STANDARD = "gnu++17";
				CLANG_ENABLE_MODULES = YES;
				CLANG_ENABLE_OBJC_ARC = YES;
				CLANG_ENABLE_OBJC_WEAK = YES;
				CLANG_WARN_BLOCK_CAPTURE_AUTORELEASING = YES;
				CLANG_WARN_BOOL_CONVERSION = YES;
				CLANG_WARN_COMMA = YES;
				CLANG_WARN_CONSTANT_CONVERSION = YES;
				CLANG_WARN_DEPRECATED_OBJC_IMPLEMENTATIONS = YES;
				CLANG_WARN_DIRECT_OBJC_ISA_USAGE = YES_ERROR;
				CLANG_WARN_DOCUMENTATION_COMMENTS = YES;
				CLANG_WARN_EMPTY_BODY = YES;
				CLANG_WARN_ENUM_CONVERSION = YES;
				CLANG_WARN_INFINITE_RECURSION = YES;
				CLANG_WARN_INT_CONVERSION = YES;
				CLANG_WARN_NON_LITERAL_NULL_CONVERSION = YES;
				CLANG_WARN_OBJC_IMPLICIT_RETAIN_SELF = YES;
				CLANG_WARN_OBJC_LITERAL_CONVERSION = YES;
				CLANG_WARN_OBJC_ROOT_CLASS = YES_ERROR;
				CLANG_WARN_QUOTED_INCLUDE_IN_FRAMEWORK_HEADER = YES;
				CLANG_WARN_RANGE_LOOP_ANALYSIS = YES;
				CLANG_WARN_STRICT_PROTOTYPES = YES;
				CLANG_WARN_SUSPICIOUS_MOVE = YES;
				CLANG_WARN_UNGUARDED_AVAILABILITY = YES_AGGRESSIVE;
				CLANG_WARN_UNREACHABLE_CODE = YES;
				CLANG_WARN__DUPLICATE_METHOD_MATCH = YES;
				COPY_PHASE_STRIP = NO;
				DEBUG_INFORMATION_FORMAT = "dwarf-with-dsym";
				ENABLE_NS_ASSERTIONS = NO;
				ENABLE_STRICT_OBJC_MSGSEND = YES;
				GCC_C_LANGUAGE_STANDARD = gnu11;
				GCC_NO_COMMON_BLOCKS = YES;
				GCC_WARN_64_TO_32_BIT_CONVERSION = YES;
				GCC_WARN_ABOUT_RETURN_TYPE = YES_ERROR;
				GCC_WARN_UNDECLARED_SELECTOR = YES;
				GCC_WARN_UNINITIALIZED_AUTOS = YES_AGGRESSIVE;
				GCC_WARN_UNUSED_FUNCTION = YES;
				GCC_WARN_UNUSED_VARIABLE = YES;
				IPHONEOS_DEPLOYMENT_TARGET = 15.4;
				MTL_ENABLE_DEBUG_INFO = NO;
				MTL_FAST_MATH = YES;
				SDKROOT = iphoneos;
				SWIFT_COMPILATION_MODE = wholemodule;
				SWIFT_OPTIMIZATION_LEVEL = "-O";
				VALIDATE_PRODUCT = YES;
			};
			name = Release;
		};
		07D7DA0A290FB8C400479B6F /* Debug */ = {
			isa = XCBuildConfiguration;
			buildSettings = {
				ASSETCATALOG_COMPILER_APPICON_NAME = AppIcon;
				ASSETCATALOG_COMPILER_GLOBAL_ACCENT_COLOR_NAME = AccentColor;
				CODE_SIGN_STYLE = Automatic;
				CURRENT_PROJECT_VERSION = 1;
				GENERATE_INFOPLIST_FILE = YES;
				INFOPLIST_FILE = GetARock/Info.plist;
				INFOPLIST_KEY_UIApplicationSupportsIndirectInputEvents = YES;
				INFOPLIST_KEY_UILaunchStoryboardName = LaunchScreen;
				INFOPLIST_KEY_UIMainStoryboardFile = Main;
				INFOPLIST_KEY_UISupportedInterfaceOrientations_iPad = "UIInterfaceOrientationPortrait UIInterfaceOrientationPortraitUpsideDown UIInterfaceOrientationLandscapeLeft UIInterfaceOrientationLandscapeRight";
				INFOPLIST_KEY_UISupportedInterfaceOrientations_iPhone = "UIInterfaceOrientationPortrait UIInterfaceOrientationLandscapeLeft UIInterfaceOrientationLandscapeRight";
				IPHONEOS_DEPLOYMENT_TARGET = 14.0;
				LD_RUNPATH_SEARCH_PATHS = (
					"$(inherited)",
					"@executable_path/Frameworks",
				);
				MARKETING_VERSION = 1.0;
				PRODUCT_BUNDLE_IDENTIFIER = com.ExtremeRock.GetARock;
				PRODUCT_NAME = "$(TARGET_NAME)";
				SWIFT_EMIT_LOC_STRINGS = YES;
				SWIFT_VERSION = 5.0;
				TARGETED_DEVICE_FAMILY = 1;
			};
			name = Debug;
		};
		07D7DA0B290FB8C400479B6F /* Release */ = {
			isa = XCBuildConfiguration;
			buildSettings = {
				ASSETCATALOG_COMPILER_APPICON_NAME = AppIcon;
				ASSETCATALOG_COMPILER_GLOBAL_ACCENT_COLOR_NAME = AccentColor;
				CODE_SIGN_STYLE = Automatic;
				CURRENT_PROJECT_VERSION = 1;
				GENERATE_INFOPLIST_FILE = YES;
				INFOPLIST_FILE = GetARock/Info.plist;
				INFOPLIST_KEY_UIApplicationSupportsIndirectInputEvents = YES;
				INFOPLIST_KEY_UILaunchStoryboardName = LaunchScreen;
				INFOPLIST_KEY_UIMainStoryboardFile = Main;
				INFOPLIST_KEY_UISupportedInterfaceOrientations_iPad = "UIInterfaceOrientationPortrait UIInterfaceOrientationPortraitUpsideDown UIInterfaceOrientationLandscapeLeft UIInterfaceOrientationLandscapeRight";
				INFOPLIST_KEY_UISupportedInterfaceOrientations_iPhone = "UIInterfaceOrientationPortrait UIInterfaceOrientationLandscapeLeft UIInterfaceOrientationLandscapeRight";
				IPHONEOS_DEPLOYMENT_TARGET = 14.0;
				LD_RUNPATH_SEARCH_PATHS = (
					"$(inherited)",
					"@executable_path/Frameworks",
				);
				MARKETING_VERSION = 1.0;
				PRODUCT_BUNDLE_IDENTIFIER = com.ExtremeRock.GetARock;
				PRODUCT_NAME = "$(TARGET_NAME)";
				SWIFT_EMIT_LOC_STRINGS = YES;
				SWIFT_VERSION = 5.0;
				TARGETED_DEVICE_FAMILY = 1;
			};
			name = Release;
		};
		07D7DA0D290FB8C400479B6F /* Debug */ = {
			isa = XCBuildConfiguration;
			buildSettings = {
				ALWAYS_EMBED_SWIFT_STANDARD_LIBRARIES = YES;
				BUNDLE_LOADER = "$(TEST_HOST)";
				CODE_SIGN_STYLE = Automatic;
				CURRENT_PROJECT_VERSION = 1;
				GENERATE_INFOPLIST_FILE = YES;
				IPHONEOS_DEPLOYMENT_TARGET = 15.4;
				MARKETING_VERSION = 1.0;
				PRODUCT_BUNDLE_IDENTIFIER = com.ExtremeRock.GetARockTests;
				PRODUCT_NAME = "$(TARGET_NAME)";
				SWIFT_EMIT_LOC_STRINGS = NO;
				SWIFT_VERSION = 5.0;
				TARGETED_DEVICE_FAMILY = "1,2";
				TEST_HOST = "$(BUILT_PRODUCTS_DIR)/GetARock.app/GetARock";
			};
			name = Debug;
		};
		07D7DA0E290FB8C400479B6F /* Release */ = {
			isa = XCBuildConfiguration;
			buildSettings = {
				ALWAYS_EMBED_SWIFT_STANDARD_LIBRARIES = YES;
				BUNDLE_LOADER = "$(TEST_HOST)";
				CODE_SIGN_STYLE = Automatic;
				CURRENT_PROJECT_VERSION = 1;
				GENERATE_INFOPLIST_FILE = YES;
				IPHONEOS_DEPLOYMENT_TARGET = 15.4;
				MARKETING_VERSION = 1.0;
				PRODUCT_BUNDLE_IDENTIFIER = com.ExtremeRock.GetARockTests;
				PRODUCT_NAME = "$(TARGET_NAME)";
				SWIFT_EMIT_LOC_STRINGS = NO;
				SWIFT_VERSION = 5.0;
				TARGETED_DEVICE_FAMILY = "1,2";
				TEST_HOST = "$(BUILT_PRODUCTS_DIR)/GetARock.app/GetARock";
			};
			name = Release;
		};
		07D7DA10290FB8C400479B6F /* Debug */ = {
			isa = XCBuildConfiguration;
			buildSettings = {
				ALWAYS_EMBED_SWIFT_STANDARD_LIBRARIES = YES;
				CODE_SIGN_STYLE = Automatic;
				CURRENT_PROJECT_VERSION = 1;
				GENERATE_INFOPLIST_FILE = YES;
				MARKETING_VERSION = 1.0;
				PRODUCT_BUNDLE_IDENTIFIER = com.ExtremeRock.GetARockUITests;
				PRODUCT_NAME = "$(TARGET_NAME)";
				SWIFT_EMIT_LOC_STRINGS = NO;
				SWIFT_VERSION = 5.0;
				TARGETED_DEVICE_FAMILY = "1,2";
				TEST_TARGET_NAME = GetARock;
			};
			name = Debug;
		};
		07D7DA11290FB8C400479B6F /* Release */ = {
			isa = XCBuildConfiguration;
			buildSettings = {
				ALWAYS_EMBED_SWIFT_STANDARD_LIBRARIES = YES;
				CODE_SIGN_STYLE = Automatic;
				CURRENT_PROJECT_VERSION = 1;
				GENERATE_INFOPLIST_FILE = YES;
				MARKETING_VERSION = 1.0;
				PRODUCT_BUNDLE_IDENTIFIER = com.ExtremeRock.GetARockUITests;
				PRODUCT_NAME = "$(TARGET_NAME)";
				SWIFT_EMIT_LOC_STRINGS = NO;
				SWIFT_VERSION = 5.0;
				TARGETED_DEVICE_FAMILY = "1,2";
				TEST_TARGET_NAME = GetARock;
			};
			name = Release;
		};
/* End XCBuildConfiguration section */

/* Begin XCConfigurationList section */
		07D7D9DA290FB8C200479B6F /* Build configuration list for PBXProject "GetARock" */ = {
			isa = XCConfigurationList;
			buildConfigurations = (
				07D7DA07290FB8C400479B6F /* Debug */,
				07D7DA08290FB8C400479B6F /* Release */,
			);
			defaultConfigurationIsVisible = 0;
			defaultConfigurationName = Release;
		};
		07D7DA09290FB8C400479B6F /* Build configuration list for PBXNativeTarget "GetARock" */ = {
			isa = XCConfigurationList;
			buildConfigurations = (
				07D7DA0A290FB8C400479B6F /* Debug */,
				07D7DA0B290FB8C400479B6F /* Release */,
			);
			defaultConfigurationIsVisible = 0;
			defaultConfigurationName = Release;
		};
		07D7DA0C290FB8C400479B6F /* Build configuration list for PBXNativeTarget "GetARockTests" */ = {
			isa = XCConfigurationList;
			buildConfigurations = (
				07D7DA0D290FB8C400479B6F /* Debug */,
				07D7DA0E290FB8C400479B6F /* Release */,
			);
			defaultConfigurationIsVisible = 0;
			defaultConfigurationName = Release;
		};
		07D7DA0F290FB8C400479B6F /* Build configuration list for PBXNativeTarget "GetARockUITests" */ = {
			isa = XCConfigurationList;
			buildConfigurations = (
				07D7DA10290FB8C400479B6F /* Debug */,
				07D7DA11290FB8C400479B6F /* Release */,
			);
			defaultConfigurationIsVisible = 0;
			defaultConfigurationName = Release;
		};
/* End XCConfigurationList section */
	};
	rootObject = 07D7D9D7290FB8C200479B6F /* Project object */;
}
