// !$*UTF8*$!
{
	archiveVersion = 1;
	classes = {
	};
	objectVersion = 55;
	objects = {

/* Begin PBXBuildFile section */
		072DEDD029267D9A0046A4A0 /* Band.swift in Sources */ = {isa = PBXBuildFile; fileRef = 072DEDCF29267D9A0046A4A0 /* Band.swift */; };
		072DEDD2292687A70046A4A0 /* Location.swift in Sources */ = {isa = PBXBuildFile; fileRef = 072DEDD1292687A70046A4A0 /* Location.swift */; };
		072DEDD429268F470046A4A0 /* PlayPosition.swift in Sources */ = {isa = PBXBuildFile; fileRef = 072DEDD329268F470046A4A0 /* PlayPosition.swift */; };
		072DEDD62926902D0046A4A0 /* AgeGroup.swift in Sources */ = {isa = PBXBuildFile; fileRef = 072DEDD52926902D0046A4A0 /* AgeGroup.swift */; };
		0761508B29276D8200A0562F /* Coordinate.swift in Sources */ = {isa = PBXBuildFile; fileRef = 0761508A29276D8200A0562F /* Coordinate.swift */; };
		0761508D29277CBB00A0562F /* VisitorComment.swift in Sources */ = {isa = PBXBuildFile; fileRef = 0761508C29277CBB00A0562F /* VisitorComment.swift */; };
		076150912928FB9400A0562F /* Gathering.swift in Sources */ = {isa = PBXBuildFile; fileRef = 076150902928FB9400A0562F /* Gathering.swift */; };
		07615093292907A900A0562F /* GatheringComment.swift in Sources */ = {isa = PBXBuildFile; fileRef = 07615092292907A900A0562F /* GatheringComment.swift */; };
		07D7D9E3290FB8C200479B6F /* AppDelegate.swift in Sources */ = {isa = PBXBuildFile; fileRef = 07D7D9E2290FB8C200479B6F /* AppDelegate.swift */; };
		07D7D9E5290FB8C200479B6F /* SceneDelegate.swift in Sources */ = {isa = PBXBuildFile; fileRef = 07D7D9E4290FB8C200479B6F /* SceneDelegate.swift */; };
		07D7D9EA290FB8C200479B6F /* Landing.storyboard in Resources */ = {isa = PBXBuildFile; fileRef = 07D7D9E8290FB8C200479B6F /* Landing.storyboard */; };
		07D7D9EC290FB8C400479B6F /* Assets.xcassets in Resources */ = {isa = PBXBuildFile; fileRef = 07D7D9EB290FB8C400479B6F /* Assets.xcassets */; };
		07D7D9EF290FB8C400479B6F /* LaunchScreen.storyboard in Resources */ = {isa = PBXBuildFile; fileRef = 07D7D9ED290FB8C400479B6F /* LaunchScreen.storyboard */; };
		07D7D9FA290FB8C400479B6F /* GetARockTests.swift in Sources */ = {isa = PBXBuildFile; fileRef = 07D7D9F9290FB8C400479B6F /* GetARockTests.swift */; };
		07D7DA04290FB8C400479B6F /* GetARockUITests.swift in Sources */ = {isa = PBXBuildFile; fileRef = 07D7DA03290FB8C400479B6F /* GetARockUITests.swift */; };
		07D7DA06290FB8C400479B6F /* GetARockUITestsLaunchTests.swift in Sources */ = {isa = PBXBuildFile; fileRef = 07D7DA05290FB8C400479B6F /* GetARockUITestsLaunchTests.swift */; };
		07D7DA2D291088EC00479B6F /* NSObject+Extension.swift in Sources */ = {isa = PBXBuildFile; fileRef = 07D7DA2C291088EC00479B6F /* NSObject+Extension.swift */; };
		07D7DA302910895000479B6F /* LandingViewController.swift in Sources */ = {isa = PBXBuildFile; fileRef = 07D7DA2F2910895000479B6F /* LandingViewController.swift */; };
		07D7DA3429108A8300479B6F /* StringLiteral.swift in Sources */ = {isa = PBXBuildFile; fileRef = 07D7DA3329108A8200479B6F /* StringLiteral.swift */; };
		07D7DA3629108AB400479B6F /* ImageLiteral.swift in Sources */ = {isa = PBXBuildFile; fileRef = 07D7DA3529108AB400479B6F /* ImageLiteral.swift */; };
		07D7DA3A29108C5B00479B6F /* BaseViewController.swift in Sources */ = {isa = PBXBuildFile; fileRef = 07D7DA3929108C5B00479B6F /* BaseViewController.swift */; };
		07D7DA3C29108C9000479B6F /* SampleView.swift in Sources */ = {isa = PBXBuildFile; fileRef = 07D7DA3B29108C9000479B6F /* SampleView.swift */; };
		07D7DA3F29108CF800479B6F /* MyPageViewController.swift in Sources */ = {isa = PBXBuildFile; fileRef = 07D7DA3E29108CF800479B6F /* MyPageViewController.swift */; };
		07D7DA4129108D0500479B6F /* MyPage.storyboard in Resources */ = {isa = PBXBuildFile; fileRef = 07D7DA4029108D0500479B6F /* MyPage.storyboard */; };
		07D7DA4429108DCB00479B6F /* SampleView.xib in Resources */ = {isa = PBXBuildFile; fileRef = 07D7DA4329108DCB00479B6F /* SampleView.xib */; };
		07D7DA832911EB7D00479B6F /* .swiftlint.yml in Resources */ = {isa = PBXBuildFile; fileRef = 07D7DA822911EB7D00479B6F /* .swiftlint.yml */; };
		3D0ED2232928667900AE320C /* BandInfoViewController.swift in Sources */ = {isa = PBXBuildFile; fileRef = 3D0ED2222928667900AE320C /* BandInfoViewController.swift */; };
		3D565329292855E9003D0C9F /* BandInfo.storyboard in Resources */ = {isa = PBXBuildFile; fileRef = 3D565328292855E9003D0C9F /* BandInfo.storyboard */; };
		3DF54FCB292A43EA001CD16B /* BandMemberCollectionViewCell.swift in Sources */ = {isa = PBXBuildFile; fileRef = 3DF54FCA292A43EA001CD16B /* BandMemberCollectionViewCell.swift */; };
		7BDA8F8B291284FE00BB2D34 /* UIColor+Extension.swift in Sources */ = {isa = PBXBuildFile; fileRef = 7BDA8F8A291284FE00BB2D34 /* UIColor+Extension.swift */; };
		7BDA8F90291296B200BB2D34 /* UIView+Gradation.swift in Sources */ = {isa = PBXBuildFile; fileRef = 7BDA8F8F291296B200BB2D34 /* UIView+Gradation.swift */; };
		8437618B2927397400BD2C2A /* GatheringView.storyboard in Resources */ = {isa = PBXBuildFile; fileRef = 8437618A2927397400BD2C2A /* GatheringView.storyboard */; };
		8437618D29273CF000BD2C2A /* GatheringCell.xib in Resources */ = {isa = PBXBuildFile; fileRef = 8437618C29273CF000BD2C2A /* GatheringCell.xib */; };
		8437619029275B3500BD2C2A /* GatheringCreatedViewController.swift in Sources */ = {isa = PBXBuildFile; fileRef = 8437618F29275B3500BD2C2A /* GatheringCreatedViewController.swift */; };
		8437619229276FA700BD2C2A /* GatheringCell.swift in Sources */ = {isa = PBXBuildFile; fileRef = 8437619129276FA700BD2C2A /* GatheringCell.swift */; };
		ABCE15B7292A052F007D30E2 /* ViewSwitchedSegmentedControl.swift in Sources */ = {isa = PBXBuildFile; fileRef = ABCE15B6292A052F007D30E2 /* ViewSwitchedSegmentedControl.swift */; };
		B830849929263B780035DB2D /* MainMapViewController.swift in Sources */ = {isa = PBXBuildFile; fileRef = B830849829263B780035DB2D /* MainMapViewController.swift */; };
		B8B9971F29287D3700082462 /* MainMap.storyboard in Resources */ = {isa = PBXBuildFile; fileRef = B8B9971E29287D3700082462 /* MainMap.storyboard */; };
/* End PBXBuildFile section */

/* Begin PBXContainerItemProxy section */
		07D7D9F6290FB8C400479B6F /* PBXContainerItemProxy */ = {
			isa = PBXContainerItemProxy;
			containerPortal = 07D7D9D7290FB8C200479B6F /* Project object */;
			proxyType = 1;
			remoteGlobalIDString = 07D7D9DE290FB8C200479B6F;
			remoteInfo = GetARock;
		};
		07D7DA00290FB8C400479B6F /* PBXContainerItemProxy */ = {
			isa = PBXContainerItemProxy;
			containerPortal = 07D7D9D7290FB8C200479B6F /* Project object */;
			proxyType = 1;
			remoteGlobalIDString = 07D7D9DE290FB8C200479B6F;
			remoteInfo = GetARock;
		};
/* End PBXContainerItemProxy section */

/* Begin PBXFileReference section */
		072DEDCF29267D9A0046A4A0 /* Band.swift */ = {isa = PBXFileReference; lastKnownFileType = sourcecode.swift; path = Band.swift; sourceTree = "<group>"; };
		072DEDD1292687A70046A4A0 /* Location.swift */ = {isa = PBXFileReference; lastKnownFileType = sourcecode.swift; path = Location.swift; sourceTree = "<group>"; };
		072DEDD329268F470046A4A0 /* PlayPosition.swift */ = {isa = PBXFileReference; lastKnownFileType = sourcecode.swift; path = PlayPosition.swift; sourceTree = "<group>"; };
		072DEDD52926902D0046A4A0 /* AgeGroup.swift */ = {isa = PBXFileReference; lastKnownFileType = sourcecode.swift; path = AgeGroup.swift; sourceTree = "<group>"; };
		0761508A29276D8200A0562F /* Coordinate.swift */ = {isa = PBXFileReference; lastKnownFileType = sourcecode.swift; path = Coordinate.swift; sourceTree = "<group>"; };
		0761508C29277CBB00A0562F /* VisitorComment.swift */ = {isa = PBXFileReference; lastKnownFileType = sourcecode.swift; path = VisitorComment.swift; sourceTree = "<group>"; };
		076150902928FB9400A0562F /* Gathering.swift */ = {isa = PBXFileReference; lastKnownFileType = sourcecode.swift; path = Gathering.swift; sourceTree = "<group>"; };
		07615092292907A900A0562F /* GatheringComment.swift */ = {isa = PBXFileReference; lastKnownFileType = sourcecode.swift; path = GatheringComment.swift; sourceTree = "<group>"; };
		07D7D9DF290FB8C200479B6F /* GetARock.app */ = {isa = PBXFileReference; explicitFileType = wrapper.application; includeInIndex = 0; path = GetARock.app; sourceTree = BUILT_PRODUCTS_DIR; };
		07D7D9E2290FB8C200479B6F /* AppDelegate.swift */ = {isa = PBXFileReference; lastKnownFileType = sourcecode.swift; path = AppDelegate.swift; sourceTree = "<group>"; };
		07D7D9E4290FB8C200479B6F /* SceneDelegate.swift */ = {isa = PBXFileReference; indentWidth = 4; lastKnownFileType = sourcecode.swift; path = SceneDelegate.swift; sourceTree = "<group>"; tabWidth = 4; };
		07D7D9E9290FB8C200479B6F /* Base */ = {isa = PBXFileReference; lastKnownFileType = file.storyboard; name = Base; path = Base.lproj/Landing.storyboard; sourceTree = "<group>"; };
		07D7D9EB290FB8C400479B6F /* Assets.xcassets */ = {isa = PBXFileReference; lastKnownFileType = folder.assetcatalog; path = Assets.xcassets; sourceTree = "<group>"; };
		07D7D9EE290FB8C400479B6F /* Base */ = {isa = PBXFileReference; lastKnownFileType = file.storyboard; name = Base; path = Base.lproj/LaunchScreen.storyboard; sourceTree = "<group>"; };
		07D7D9F0290FB8C400479B6F /* Info.plist */ = {isa = PBXFileReference; lastKnownFileType = text.plist.xml; name = Info.plist; path = GetARock/Global/Supports/Info.plist; sourceTree = SOURCE_ROOT; };
		07D7D9F5290FB8C400479B6F /* GetARockTests.xctest */ = {isa = PBXFileReference; explicitFileType = wrapper.cfbundle; includeInIndex = 0; path = GetARockTests.xctest; sourceTree = BUILT_PRODUCTS_DIR; };
		07D7D9F9290FB8C400479B6F /* GetARockTests.swift */ = {isa = PBXFileReference; lastKnownFileType = sourcecode.swift; path = GetARockTests.swift; sourceTree = "<group>"; };
		07D7D9FF290FB8C400479B6F /* GetARockUITests.xctest */ = {isa = PBXFileReference; explicitFileType = wrapper.cfbundle; includeInIndex = 0; path = GetARockUITests.xctest; sourceTree = BUILT_PRODUCTS_DIR; };
		07D7DA03290FB8C400479B6F /* GetARockUITests.swift */ = {isa = PBXFileReference; lastKnownFileType = sourcecode.swift; path = GetARockUITests.swift; sourceTree = "<group>"; };
		07D7DA05290FB8C400479B6F /* GetARockUITestsLaunchTests.swift */ = {isa = PBXFileReference; lastKnownFileType = sourcecode.swift; path = GetARockUITestsLaunchTests.swift; sourceTree = "<group>"; };
		07D7DA2C291088EC00479B6F /* NSObject+Extension.swift */ = {isa = PBXFileReference; lastKnownFileType = sourcecode.swift; path = "NSObject+Extension.swift"; sourceTree = "<group>"; };
		07D7DA2F2910895000479B6F /* LandingViewController.swift */ = {isa = PBXFileReference; lastKnownFileType = sourcecode.swift; path = LandingViewController.swift; sourceTree = "<group>"; };
		07D7DA3329108A8200479B6F /* StringLiteral.swift */ = {isa = PBXFileReference; lastKnownFileType = sourcecode.swift; path = StringLiteral.swift; sourceTree = "<group>"; };
		07D7DA3529108AB400479B6F /* ImageLiteral.swift */ = {isa = PBXFileReference; lastKnownFileType = sourcecode.swift; path = ImageLiteral.swift; sourceTree = "<group>"; };
		07D7DA3929108C5B00479B6F /* BaseViewController.swift */ = {isa = PBXFileReference; lastKnownFileType = sourcecode.swift; path = BaseViewController.swift; sourceTree = "<group>"; };
		07D7DA3B29108C9000479B6F /* SampleView.swift */ = {isa = PBXFileReference; lastKnownFileType = sourcecode.swift; path = SampleView.swift; sourceTree = "<group>"; };
		07D7DA3E29108CF800479B6F /* MyPageViewController.swift */ = {isa = PBXFileReference; lastKnownFileType = sourcecode.swift; path = MyPageViewController.swift; sourceTree = "<group>"; };
		07D7DA4029108D0500479B6F /* MyPage.storyboard */ = {isa = PBXFileReference; lastKnownFileType = file.storyboard; path = MyPage.storyboard; sourceTree = "<group>"; };
		07D7DA4329108DCB00479B6F /* SampleView.xib */ = {isa = PBXFileReference; lastKnownFileType = file.xib; path = SampleView.xib; sourceTree = "<group>"; };
		07D7DA822911EB7D00479B6F /* .swiftlint.yml */ = {isa = PBXFileReference; lastKnownFileType = text.yaml; path = .swiftlint.yml; sourceTree = "<group>"; };
		3D0ED2222928667900AE320C /* BandInfoViewController.swift */ = {isa = PBXFileReference; lastKnownFileType = sourcecode.swift; path = BandInfoViewController.swift; sourceTree = "<group>"; };
		3D565328292855E9003D0C9F /* BandInfo.storyboard */ = {isa = PBXFileReference; lastKnownFileType = file.storyboard; path = BandInfo.storyboard; sourceTree = "<group>"; };
		3DF54FCA292A43EA001CD16B /* BandMemberCollectionViewCell.swift */ = {isa = PBXFileReference; lastKnownFileType = sourcecode.swift; path = BandMemberCollectionViewCell.swift; sourceTree = "<group>"; };
		7BDA8F8A291284FE00BB2D34 /* UIColor+Extension.swift */ = {isa = PBXFileReference; lastKnownFileType = sourcecode.swift; path = "UIColor+Extension.swift"; sourceTree = "<group>"; };
		7BDA8F8F291296B200BB2D34 /* UIView+Gradation.swift */ = {isa = PBXFileReference; lastKnownFileType = sourcecode.swift; path = "UIView+Gradation.swift"; sourceTree = "<group>"; };
		8437618A2927397400BD2C2A /* GatheringView.storyboard */ = {isa = PBXFileReference; lastKnownFileType = file.storyboard; path = GatheringView.storyboard; sourceTree = "<group>"; };
		8437618C29273CF000BD2C2A /* GatheringCell.xib */ = {isa = PBXFileReference; lastKnownFileType = file.xib; path = GatheringCell.xib; sourceTree = "<group>"; };
		8437618F29275B3500BD2C2A /* GatheringCreatedViewController.swift */ = {isa = PBXFileReference; indentWidth = 4; lastKnownFileType = sourcecode.swift; path = GatheringCreatedViewController.swift; sourceTree = "<group>"; tabWidth = 4; };
		8437619129276FA700BD2C2A /* GatheringCell.swift */ = {isa = PBXFileReference; lastKnownFileType = sourcecode.swift; path = GatheringCell.swift; sourceTree = "<group>"; };
		ABCE15B6292A052F007D30E2 /* ViewSwitchedSegmentedControl.swift */ = {isa = PBXFileReference; lastKnownFileType = sourcecode.swift; path = ViewSwitchedSegmentedControl.swift; sourceTree = "<group>"; };
		B830849829263B780035DB2D /* MainMapViewController.swift */ = {isa = PBXFileReference; indentWidth = 4; lastKnownFileType = sourcecode.swift; path = MainMapViewController.swift; sourceTree = "<group>"; tabWidth = 4; };
		B8B9971E29287D3700082462 /* MainMap.storyboard */ = {isa = PBXFileReference; lastKnownFileType = file.storyboard; path = MainMap.storyboard; sourceTree = "<group>"; };
/* End PBXFileReference section */

/* Begin PBXFrameworksBuildPhase section */
		07D7D9DC290FB8C200479B6F /* Frameworks */ = {
			isa = PBXFrameworksBuildPhase;
			buildActionMask = 2147483647;
			files = (
			);
			runOnlyForDeploymentPostprocessing = 0;
		};
		07D7D9F2290FB8C400479B6F /* Frameworks */ = {
			isa = PBXFrameworksBuildPhase;
			buildActionMask = 2147483647;
			files = (
			);
			runOnlyForDeploymentPostprocessing = 0;
		};
		07D7D9FC290FB8C400479B6F /* Frameworks */ = {
			isa = PBXFrameworksBuildPhase;
			buildActionMask = 2147483647;
			files = (
			);
			runOnlyForDeploymentPostprocessing = 0;
		};
/* End PBXFrameworksBuildPhase section */

/* Begin PBXGroup section */
		072DEDCD292677090046A4A0 /* Network */ = {
			isa = PBXGroup;
			children = (
				072DEDCE2926770F0046A4A0 /* Model */,
			);
			path = Network;
			sourceTree = "<group>";
		};
		072DEDCE2926770F0046A4A0 /* Model */ = {
			isa = PBXGroup;
			children = (
				072DEDCF29267D9A0046A4A0 /* Band.swift */,
				076150902928FB9400A0562F /* Gathering.swift */,
				07615092292907A900A0562F /* GatheringComment.swift */,
				0761508C29277CBB00A0562F /* VisitorComment.swift */,
				072DEDD1292687A70046A4A0 /* Location.swift */,
				0761508A29276D8200A0562F /* Coordinate.swift */,
				072DEDD329268F470046A4A0 /* PlayPosition.swift */,
				072DEDD52926902D0046A4A0 /* AgeGroup.swift */,
			);
			path = Model;
			sourceTree = "<group>";
		};
		07D7D9D6290FB8C200479B6F = {
			isa = PBXGroup;
			children = (
				07D7DA822911EB7D00479B6F /* .swiftlint.yml */,
				07D7D9E1290FB8C200479B6F /* GetARock */,
				07D7D9F8290FB8C400479B6F /* GetARockTests */,
				07D7DA02290FB8C400479B6F /* GetARockUITests */,
				07D7D9E0290FB8C200479B6F /* Products */,
			);
			sourceTree = "<group>";
		};
		07D7D9E0290FB8C200479B6F /* Products */ = {
			isa = PBXGroup;
			children = (
				07D7D9DF290FB8C200479B6F /* GetARock.app */,
				07D7D9F5290FB8C400479B6F /* GetARockTests.xctest */,
				07D7D9FF290FB8C400479B6F /* GetARockUITests.xctest */,
			);
			name = Products;
			sourceTree = "<group>";
		};
		07D7D9E1290FB8C200479B6F /* GetARock */ = {
			isa = PBXGroup;
			children = (
				072DEDCD292677090046A4A0 /* Network */,
				07D7DA26291087CA00479B6F /* Global */,
				07D7DA282910882D00479B6F /* Screen */,
			);
			path = GetARock;
			sourceTree = "<group>";
		};
		07D7D9F8290FB8C400479B6F /* GetARockTests */ = {
			isa = PBXGroup;
			children = (
				07D7D9F9290FB8C400479B6F /* GetARockTests.swift */,
			);
			path = GetARockTests;
			sourceTree = "<group>";
		};
		07D7DA02290FB8C400479B6F /* GetARockUITests */ = {
			isa = PBXGroup;
			children = (
				07D7DA03290FB8C400479B6F /* GetARockUITests.swift */,
				07D7DA05290FB8C400479B6F /* GetARockUITestsLaunchTests.swift */,
			);
			path = GetARockUITests;
			sourceTree = "<group>";
		};
		07D7DA26291087CA00479B6F /* Global */ = {
			isa = PBXGroup;
			children = (
				07D7DA3829108C4000479B6F /* Base */,
				07D7DA27291087CE00479B6F /* Supports */,
				07D7DA3129108A5D00479B6F /* Literals */,
				07D7DA2B291088CE00479B6F /* Extension */,
				7BDA8F8E291296A200BB2D34 /* Utils */,
				07D7DA3729108C2100479B6F /* UIComponent */,
				07D7DA292910883600479B6F /* Resource */,
			);
			path = Global;
			sourceTree = "<group>";
		};
		07D7DA27291087CE00479B6F /* Supports */ = {
			isa = PBXGroup;
			children = (
				07D7D9F0290FB8C400479B6F /* Info.plist */,
				07D7D9E2290FB8C200479B6F /* AppDelegate.swift */,
				07D7D9E4290FB8C200479B6F /* SceneDelegate.swift */,
			);
			path = Supports;
			sourceTree = "<group>";
		};
		07D7DA282910882D00479B6F /* Screen */ = {
			isa = PBXGroup;
			children = (
				3D56532A292855F8003D0C9F /* BandInfo */,
				B830849729263B620035DB2D /* MainMap */,
				8437618E2927551100BD2C2A /* Gathering */,
				07D7DA2E2910894000479B6F /* Landing */,
				07D7DA3D29108CC600479B6F /* MyPage */,
			);
			path = Screen;
			sourceTree = "<group>";
		};
		07D7DA292910883600479B6F /* Resource */ = {
			isa = PBXGroup;
			children = (
				07D7D9EB290FB8C400479B6F /* Assets.xcassets */,
				07D7DA2A2910884100479B6F /* Storyboards */,
				07D7DA4229108DAE00479B6F /* Xibs */,
			);
			path = Resource;
			sourceTree = "<group>";
		};
		07D7DA2A2910884100479B6F /* Storyboards */ = {
			isa = PBXGroup;
			children = (
				07D7D9E8290FB8C200479B6F /* Landing.storyboard */,
				07D7D9ED290FB8C400479B6F /* LaunchScreen.storyboard */,
				07D7DA4029108D0500479B6F /* MyPage.storyboard */,
				3D565328292855E9003D0C9F /* BandInfo.storyboard */,
				B8B9971E29287D3700082462 /* MainMap.storyboard */,
				8437618A2927397400BD2C2A /* GatheringView.storyboard */,
			);
			path = Storyboards;
			sourceTree = "<group>";
		};
		07D7DA2B291088CE00479B6F /* Extension */ = {
			isa = PBXGroup;
			children = (
				07D7DA2C291088EC00479B6F /* NSObject+Extension.swift */,
				7BDA8F8A291284FE00BB2D34 /* UIColor+Extension.swift */,
			);
			path = Extension;
			sourceTree = "<group>";
		};
		07D7DA2E2910894000479B6F /* Landing */ = {
			isa = PBXGroup;
			children = (
				07D7DA2F2910895000479B6F /* LandingViewController.swift */,
			);
			path = Landing;
			sourceTree = "<group>";
		};
		07D7DA3129108A5D00479B6F /* Literals */ = {
			isa = PBXGroup;
			children = (
				07D7DA3329108A8200479B6F /* StringLiteral.swift */,
				07D7DA3529108AB400479B6F /* ImageLiteral.swift */,
			);
			path = Literals;
			sourceTree = "<group>";
		};
		07D7DA3729108C2100479B6F /* UIComponent */ = {
			isa = PBXGroup;
			children = (
				07D7DA3B29108C9000479B6F /* SampleView.swift */,
				ABCE15B6292A052F007D30E2 /* ViewSwitchedSegmentedControl.swift */,
			);
			path = UIComponent;
			sourceTree = "<group>";
		};
		07D7DA3829108C4000479B6F /* Base */ = {
			isa = PBXGroup;
			children = (
				07D7DA3929108C5B00479B6F /* BaseViewController.swift */,
			);
			path = Base;
			sourceTree = "<group>";
		};
		07D7DA3D29108CC600479B6F /* MyPage */ = {
			isa = PBXGroup;
			children = (
				07D7DA3E29108CF800479B6F /* MyPageViewController.swift */,
			);
			path = MyPage;
			sourceTree = "<group>";
		};
		07D7DA4229108DAE00479B6F /* Xibs */ = {
			isa = PBXGroup;
			children = (
				07D7DA4329108DCB00479B6F /* SampleView.xib */,
				8437618C29273CF000BD2C2A /* GatheringCell.xib */,
			);
			path = Xibs;
			sourceTree = "<group>";
		};
		3D56532A292855F8003D0C9F /* BandInfo */ = {
			isa = PBXGroup;
			children = (
				3DE5CE92292C511E005B448D /* Cell */,
				3DE5CE91292C5112005B448D /* VC */,
			);
			path = BandInfo;
			sourceTree = "<group>";
		};
		3DE5CE91292C5112005B448D /* VC */ = {
			isa = PBXGroup;
			children = (
				3D0ED2222928667900AE320C /* BandInfoViewController.swift */,
			);
			path = VC;
			sourceTree = "<group>";
		};
		3DE5CE92292C511E005B448D /* Cell */ = {
			isa = PBXGroup;
			children = (
				3DF54FCA292A43EA001CD16B /* BandMemberCollectionViewCell.swift */,
			);
			path = Cell;
			sourceTree = "<group>";
		};
		7BDA8F8E291296A200BB2D34 /* Utils */ = {
			isa = PBXGroup;
			children = (
				7BDA8F8F291296B200BB2D34 /* UIView+Gradation.swift */,
			);
			path = Utils;
			sourceTree = "<group>";
		};
		8437618E2927551100BD2C2A /* Gathering */ = {
			isa = PBXGroup;
			children = (
				8437618F29275B3500BD2C2A /* GatheringCreatedViewController.swift */,
				8437619129276FA700BD2C2A /* GatheringCell.swift */,
			);
			path = Gathering;
			sourceTree = "<group>";
		};
		B830849729263B620035DB2D /* MainMap */ = {
			isa = PBXGroup;
			children = (
				B830849829263B780035DB2D /* MainMapViewController.swift */,
			);
			path = MainMap;
			sourceTree = "<group>";
		};
/* End PBXGroup section */

/* Begin PBXNativeTarget section */
		07D7D9DE290FB8C200479B6F /* GetARock */ = {
			isa = PBXNativeTarget;
			buildConfigurationList = 07D7DA09290FB8C400479B6F /* Build configuration list for PBXNativeTarget "GetARock" */;
			buildPhases = (
				07D7D9DB290FB8C200479B6F /* Sources */,
				07D7D9DC290FB8C200479B6F /* Frameworks */,
				07D7D9DD290FB8C200479B6F /* Resources */,
				07D7DA812911EB1100479B6F /* ShellScript */,
			);
			buildRules = (
			);
			dependencies = (
			);
			name = GetARock;
			productName = GetARock;
			productReference = 07D7D9DF290FB8C200479B6F /* GetARock.app */;
			productType = "com.apple.product-type.application";
		};
		07D7D9F4290FB8C400479B6F /* GetARockTests */ = {
			isa = PBXNativeTarget;
			buildConfigurationList = 07D7DA0C290FB8C400479B6F /* Build configuration list for PBXNativeTarget "GetARockTests" */;
			buildPhases = (
				07D7D9F1290FB8C400479B6F /* Sources */,
				07D7D9F2290FB8C400479B6F /* Frameworks */,
				07D7D9F3290FB8C400479B6F /* Resources */,
			);
			buildRules = (
			);
			dependencies = (
				07D7D9F7290FB8C400479B6F /* PBXTargetDependency */,
			);
			name = GetARockTests;
			productName = GetARockTests;
			productReference = 07D7D9F5290FB8C400479B6F /* GetARockTests.xctest */;
			productType = "com.apple.product-type.bundle.unit-test";
		};
		07D7D9FE290FB8C400479B6F /* GetARockUITests */ = {
			isa = PBXNativeTarget;
			buildConfigurationList = 07D7DA0F290FB8C400479B6F /* Build configuration list for PBXNativeTarget "GetARockUITests" */;
			buildPhases = (
				07D7D9FB290FB8C400479B6F /* Sources */,
				07D7D9FC290FB8C400479B6F /* Frameworks */,
				07D7D9FD290FB8C400479B6F /* Resources */,
			);
			buildRules = (
			);
			dependencies = (
				07D7DA01290FB8C400479B6F /* PBXTargetDependency */,
			);
			name = GetARockUITests;
			productName = GetARockUITests;
			productReference = 07D7D9FF290FB8C400479B6F /* GetARockUITests.xctest */;
			productType = "com.apple.product-type.bundle.ui-testing";
		};
/* End PBXNativeTarget section */

/* Begin PBXProject section */
		07D7D9D7290FB8C200479B6F /* Project object */ = {
			isa = PBXProject;
			attributes = {
				BuildIndependentTargetsInParallel = 1;
				LastSwiftUpdateCheck = 1330;
				LastUpgradeCheck = 1330;
				TargetAttributes = {
					07D7D9DE290FB8C200479B6F = {
						CreatedOnToolsVersion = 13.3;
					};
					07D7D9F4290FB8C400479B6F = {
						CreatedOnToolsVersion = 13.3;
						TestTargetID = 07D7D9DE290FB8C200479B6F;
					};
					07D7D9FE290FB8C400479B6F = {
						CreatedOnToolsVersion = 13.3;
						TestTargetID = 07D7D9DE290FB8C200479B6F;
					};
				};
			};
			buildConfigurationList = 07D7D9DA290FB8C200479B6F /* Build configuration list for PBXProject "GetARock" */;
			compatibilityVersion = "Xcode 13.0";
			developmentRegion = en;
			hasScannedForEncodings = 0;
			knownRegions = (
				en,
				Base,
			);
			mainGroup = 07D7D9D6290FB8C200479B6F;
			productRefGroup = 07D7D9E0290FB8C200479B6F /* Products */;
			projectDirPath = "";
			projectRoot = "";
			targets = (
				07D7D9DE290FB8C200479B6F /* GetARock */,
				07D7D9F4290FB8C400479B6F /* GetARockTests */,
				07D7D9FE290FB8C400479B6F /* GetARockUITests */,
			);
		};
/* End PBXProject section */

/* Begin PBXResourcesBuildPhase section */
		07D7D9DD290FB8C200479B6F /* Resources */ = {
			isa = PBXResourcesBuildPhase;
			buildActionMask = 2147483647;
			files = (
				8437618B2927397400BD2C2A /* GatheringView.storyboard in Resources */,
				07D7DA832911EB7D00479B6F /* .swiftlint.yml in Resources */,
				B8B9971F29287D3700082462 /* MainMap.storyboard in Resources */,
				8437618D29273CF000BD2C2A /* GatheringCell.xib in Resources */,
				07D7D9EF290FB8C400479B6F /* LaunchScreen.storyboard in Resources */,
				07D7DA4429108DCB00479B6F /* SampleView.xib in Resources */,
				07D7D9EC290FB8C400479B6F /* Assets.xcassets in Resources */,
				07D7D9EA290FB8C200479B6F /* Landing.storyboard in Resources */,
				3D565329292855E9003D0C9F /* BandInfo.storyboard in Resources */,
				07D7DA4129108D0500479B6F /* MyPage.storyboard in Resources */,
			);
			runOnlyForDeploymentPostprocessing = 0;
		};
		07D7D9F3290FB8C400479B6F /* Resources */ = {
			isa = PBXResourcesBuildPhase;
			buildActionMask = 2147483647;
			files = (
			);
			runOnlyForDeploymentPostprocessing = 0;
		};
		07D7D9FD290FB8C400479B6F /* Resources */ = {
			isa = PBXResourcesBuildPhase;
			buildActionMask = 2147483647;
			files = (
			);
			runOnlyForDeploymentPostprocessing = 0;
		};
/* End PBXResourcesBuildPhase section */

/* Begin PBXShellScriptBuildPhase section */
		07D7DA812911EB1100479B6F /* ShellScript */ = {
			isa = PBXShellScriptBuildPhase;
			buildActionMask = 2147483647;
			files = (
			);
			inputFileListPaths = (
			);
			inputPaths = (
			);
			outputFileListPaths = (
			);
			outputPaths = (
			);
			runOnlyForDeploymentPostprocessing = 0;
			shellPath = /bin/sh;
			shellScript = "export PATH=\"$PATH:/opt/homebrew/bin\"\nif which swiftlint > /dev/null; then\n  swiftlint\nelse\n  echo \"warning: SwiftLint not installed, download from https://github.com/realm/SwiftLint\"\nfi\n";
		};
/* End PBXShellScriptBuildPhase section */

/* Begin PBXSourcesBuildPhase section */
		07D7D9DB290FB8C200479B6F /* Sources */ = {
			isa = PBXSourcesBuildPhase;
			buildActionMask = 2147483647;
			files = (
				8437619229276FA700BD2C2A /* GatheringCell.swift in Sources */,
				8437619029275B3500BD2C2A /* GatheringCreatedViewController.swift in Sources */,
				07D7DA3C29108C9000479B6F /* SampleView.swift in Sources */,
				3DF54FCB292A43EA001CD16B /* BandMemberCollectionViewCell.swift in Sources */,
				3D0ED2232928667900AE320C /* BandInfoViewController.swift in Sources */,
				0761508D29277CBB00A0562F /* VisitorComment.swift in Sources */,
				072DEDD2292687A70046A4A0 /* Location.swift in Sources */,
				07D7DA3F29108CF800479B6F /* MyPageViewController.swift in Sources */,
				072DEDD029267D9A0046A4A0 /* Band.swift in Sources */,
				07D7D9E3290FB8C200479B6F /* AppDelegate.swift in Sources */,
				07D7DA3629108AB400479B6F /* ImageLiteral.swift in Sources */,
				B830849929263B780035DB2D /* MainMapViewController.swift in Sources */,
				076150912928FB9400A0562F /* Gathering.swift in Sources */,
				07D7D9E5290FB8C200479B6F /* SceneDelegate.swift in Sources */,
				7BDA8F90291296B200BB2D34 /* UIView+Gradation.swift in Sources */,
				0761508B29276D8200A0562F /* Coordinate.swift in Sources */,
				07D7DA302910895000479B6F /* LandingViewController.swift in Sources */,
				072DEDD429268F470046A4A0 /* PlayPosition.swift in Sources */,
				07D7DA2D291088EC00479B6F /* NSObject+Extension.swift in Sources */,
				07615093292907A900A0562F /* GatheringComment.swift in Sources */,
				ABCE15B7292A052F007D30E2 /* ViewSwitchedSegmentedControl.swift in Sources */,
				07D7DA3A29108C5B00479B6F /* BaseViewController.swift in Sources */,
				07D7DA3429108A8300479B6F /* StringLiteral.swift in Sources */,
				7BDA8F8B291284FE00BB2D34 /* UIColor+Extension.swift in Sources */,
				072DEDD62926902D0046A4A0 /* AgeGroup.swift in Sources */,
			);
			runOnlyForDeploymentPostprocessing = 0;
		};
		07D7D9F1290FB8C400479B6F /* Sources */ = {
			isa = PBXSourcesBuildPhase;
			buildActionMask = 2147483647;
			files = (
				07D7D9FA290FB8C400479B6F /* GetARockTests.swift in Sources */,
			);
			runOnlyForDeploymentPostprocessing = 0;
		};
		07D7D9FB290FB8C400479B6F /* Sources */ = {
			isa = PBXSourcesBuildPhase;
			buildActionMask = 2147483647;
			files = (
				07D7DA06290FB8C400479B6F /* GetARockUITestsLaunchTests.swift in Sources */,
				07D7DA04290FB8C400479B6F /* GetARockUITests.swift in Sources */,
			);
			runOnlyForDeploymentPostprocessing = 0;
		};
/* End PBXSourcesBuildPhase section */

/* Begin PBXTargetDependency section */
		07D7D9F7290FB8C400479B6F /* PBXTargetDependency */ = {
			isa = PBXTargetDependency;
			target = 07D7D9DE290FB8C200479B6F /* GetARock */;
			targetProxy = 07D7D9F6290FB8C400479B6F /* PBXContainerItemProxy */;
		};
		07D7DA01290FB8C400479B6F /* PBXTargetDependency */ = {
			isa = PBXTargetDependency;
			target = 07D7D9DE290FB8C200479B6F /* GetARock */;
			targetProxy = 07D7DA00290FB8C400479B6F /* PBXContainerItemProxy */;
		};
/* End PBXTargetDependency section */

/* Begin PBXVariantGroup section */
		07D7D9E8290FB8C200479B6F /* Landing.storyboard */ = {
			isa = PBXVariantGroup;
			children = (
				07D7D9E9290FB8C200479B6F /* Base */,
			);
			name = Landing.storyboard;
			sourceTree = "<group>";
		};
		07D7D9ED290FB8C400479B6F /* LaunchScreen.storyboard */ = {
			isa = PBXVariantGroup;
			children = (
				07D7D9EE290FB8C400479B6F /* Base */,
			);
			name = LaunchScreen.storyboard;
			sourceTree = "<group>";
		};
/* End PBXVariantGroup section */

/* Begin XCBuildConfiguration section */
		07D7DA07290FB8C400479B6F /* Debug */ = {
			isa = XCBuildConfiguration;
			buildSettings = {
				ALWAYS_SEARCH_USER_PATHS = NO;
				CLANG_ANALYZER_NONNULL = YES;
				CLANG_ANALYZER_NUMBER_OBJECT_CONVERSION = YES_AGGRESSIVE;
				CLANG_CXX_LANGUAGE_STANDARD = "gnu++17";
				CLANG_ENABLE_MODULES = YES;
				CLANG_ENABLE_OBJC_ARC = YES;
				CLANG_ENABLE_OBJC_WEAK = YES;
				CLANG_WARN_BLOCK_CAPTURE_AUTORELEASING = YES;
				CLANG_WARN_BOOL_CONVERSION = YES;
				CLANG_WARN_COMMA = YES;
				CLANG_WARN_CONSTANT_CONVERSION = YES;
				CLANG_WARN_DEPRECATED_OBJC_IMPLEMENTATIONS = YES;
				CLANG_WARN_DIRECT_OBJC_ISA_USAGE = YES_ERROR;
				CLANG_WARN_DOCUMENTATION_COMMENTS = YES;
				CLANG_WARN_EMPTY_BODY = YES;
				CLANG_WARN_ENUM_CONVERSION = YES;
				CLANG_WARN_INFINITE_RECURSION = YES;
				CLANG_WARN_INT_CONVERSION = YES;
				CLANG_WARN_NON_LITERAL_NULL_CONVERSION = YES;
				CLANG_WARN_OBJC_IMPLICIT_RETAIN_SELF = YES;
				CLANG_WARN_OBJC_LITERAL_CONVERSION = YES;
				CLANG_WARN_OBJC_ROOT_CLASS = YES_ERROR;
				CLANG_WARN_QUOTED_INCLUDE_IN_FRAMEWORK_HEADER = YES;
				CLANG_WARN_RANGE_LOOP_ANALYSIS = YES;
				CLANG_WARN_STRICT_PROTOTYPES = YES;
				CLANG_WARN_SUSPICIOUS_MOVE = YES;
				CLANG_WARN_UNGUARDED_AVAILABILITY = YES_AGGRESSIVE;
				CLANG_WARN_UNREACHABLE_CODE = YES;
				CLANG_WARN__DUPLICATE_METHOD_MATCH = YES;
				COPY_PHASE_STRIP = NO;
				DEBUG_INFORMATION_FORMAT = dwarf;
				ENABLE_STRICT_OBJC_MSGSEND = YES;
				ENABLE_TESTABILITY = YES;
				GCC_C_LANGUAGE_STANDARD = gnu11;
				GCC_DYNAMIC_NO_PIC = NO;
				GCC_NO_COMMON_BLOCKS = YES;
				GCC_OPTIMIZATION_LEVEL = 0;
				GCC_PREPROCESSOR_DEFINITIONS = (
					"DEBUG=1",
					"$(inherited)",
				);
				GCC_WARN_64_TO_32_BIT_CONVERSION = YES;
				GCC_WARN_ABOUT_RETURN_TYPE = YES_ERROR;
				GCC_WARN_UNDECLARED_SELECTOR = YES;
				GCC_WARN_UNINITIALIZED_AUTOS = YES_AGGRESSIVE;
				GCC_WARN_UNUSED_FUNCTION = YES;
				GCC_WARN_UNUSED_VARIABLE = YES;
				IPHONEOS_DEPLOYMENT_TARGET = 14.0;
				MTL_ENABLE_DEBUG_INFO = INCLUDE_SOURCE;
				MTL_FAST_MATH = YES;
				ONLY_ACTIVE_ARCH = YES;
				SDKROOT = iphoneos;
				SWIFT_ACTIVE_COMPILATION_CONDITIONS = DEBUG;
				SWIFT_OPTIMIZATION_LEVEL = "-Onone";
			};
			name = Debug;
		};
		07D7DA08290FB8C400479B6F /* Release */ = {
			isa = XCBuildConfiguration;
			buildSettings = {
				ALWAYS_SEARCH_USER_PATHS = NO;
				CLANG_ANALYZER_NONNULL = YES;
				CLANG_ANALYZER_NUMBER_OBJECT_CONVERSION = YES_AGGRESSIVE;
				CLANG_CXX_LANGUAGE_STANDARD = "gnu++17";
				CLANG_ENABLE_MODULES = YES;
				CLANG_ENABLE_OBJC_ARC = YES;
				CLANG_ENABLE_OBJC_WEAK = YES;
				CLANG_WARN_BLOCK_CAPTURE_AUTORELEASING = YES;
				CLANG_WARN_BOOL_CONVERSION = YES;
				CLANG_WARN_COMMA = YES;
				CLANG_WARN_CONSTANT_CONVERSION = YES;
				CLANG_WARN_DEPRECATED_OBJC_IMPLEMENTATIONS = YES;
				CLANG_WARN_DIRECT_OBJC_ISA_USAGE = YES_ERROR;
				CLANG_WARN_DOCUMENTATION_COMMENTS = YES;
				CLANG_WARN_EMPTY_BODY = YES;
				CLANG_WARN_ENUM_CONVERSION = YES;
				CLANG_WARN_INFINITE_RECURSION = YES;
				CLANG_WARN_INT_CONVERSION = YES;
				CLANG_WARN_NON_LITERAL_NULL_CONVERSION = YES;
				CLANG_WARN_OBJC_IMPLICIT_RETAIN_SELF = YES;
				CLANG_WARN_OBJC_LITERAL_CONVERSION = YES;
				CLANG_WARN_OBJC_ROOT_CLASS = YES_ERROR;
				CLANG_WARN_QUOTED_INCLUDE_IN_FRAMEWORK_HEADER = YES;
				CLANG_WARN_RANGE_LOOP_ANALYSIS = YES;
				CLANG_WARN_STRICT_PROTOTYPES = YES;
				CLANG_WARN_SUSPICIOUS_MOVE = YES;
				CLANG_WARN_UNGUARDED_AVAILABILITY = YES_AGGRESSIVE;
				CLANG_WARN_UNREACHABLE_CODE = YES;
				CLANG_WARN__DUPLICATE_METHOD_MATCH = YES;
				COPY_PHASE_STRIP = NO;
				DEBUG_INFORMATION_FORMAT = "dwarf-with-dsym";
				ENABLE_NS_ASSERTIONS = NO;
				ENABLE_STRICT_OBJC_MSGSEND = YES;
				GCC_C_LANGUAGE_STANDARD = gnu11;
				GCC_NO_COMMON_BLOCKS = YES;
				GCC_WARN_64_TO_32_BIT_CONVERSION = YES;
				GCC_WARN_ABOUT_RETURN_TYPE = YES_ERROR;
				GCC_WARN_UNDECLARED_SELECTOR = YES;
				GCC_WARN_UNINITIALIZED_AUTOS = YES_AGGRESSIVE;
				GCC_WARN_UNUSED_FUNCTION = YES;
				GCC_WARN_UNUSED_VARIABLE = YES;
				IPHONEOS_DEPLOYMENT_TARGET = 14.0;
				MTL_ENABLE_DEBUG_INFO = NO;
				MTL_FAST_MATH = YES;
				SDKROOT = iphoneos;
				SWIFT_COMPILATION_MODE = wholemodule;
				SWIFT_OPTIMIZATION_LEVEL = "-O";
				VALIDATE_PRODUCT = YES;
			};
			name = Release;
		};
		07D7DA0A290FB8C400479B6F /* Debug */ = {
			isa = XCBuildConfiguration;
			buildSettings = {
				ASSETCATALOG_COMPILER_APPICON_NAME = AppIcon;
				ASSETCATALOG_COMPILER_GLOBAL_ACCENT_COLOR_NAME = AccentColor;
				CODE_SIGN_STYLE = Automatic;
				CURRENT_PROJECT_VERSION = 1;
				GENERATE_INFOPLIST_FILE = YES;
				INFOPLIST_FILE = GetARock/Global/Supports/Info.plist;
				INFOPLIST_KEY_UIApplicationSupportsIndirectInputEvents = YES;
				INFOPLIST_KEY_UILaunchStoryboardName = LaunchScreen;
				INFOPLIST_KEY_UIMainStoryboardFile = Landing;
				INFOPLIST_KEY_UISupportedInterfaceOrientations = UIInterfaceOrientationPortrait;
				INFOPLIST_KEY_UISupportedInterfaceOrientations_iPad = "UIInterfaceOrientationPortrait UIInterfaceOrientationPortraitUpsideDown UIInterfaceOrientationLandscapeLeft UIInterfaceOrientationLandscapeRight";
				INFOPLIST_KEY_UISupportedInterfaceOrientations_iPhone = UIInterfaceOrientationPortrait;
				INFOPLIST_KEY_UIUserInterfaceStyle = Dark;
				IPHONEOS_DEPLOYMENT_TARGET = 14.0;
				LD_RUNPATH_SEARCH_PATHS = (
					"$(inherited)",
					"@executable_path/Frameworks",
				);
				MARKETING_VERSION = 1.0;
				PRODUCT_BUNDLE_IDENTIFIER = com.ExtremeRock.GetARock;
				PRODUCT_NAME = "$(TARGET_NAME)";
				SWIFT_EMIT_LOC_STRINGS = YES;
				SWIFT_VERSION = 5.0;
				TARGETED_DEVICE_FAMILY = 1;
			};
			name = Debug;
		};
		07D7DA0B290FB8C400479B6F /* Release */ = {
			isa = XCBuildConfiguration;
			buildSettings = {
				ASSETCATALOG_COMPILER_APPICON_NAME = AppIcon;
				ASSETCATALOG_COMPILER_GLOBAL_ACCENT_COLOR_NAME = AccentColor;
				CODE_SIGN_STYLE = Automatic;
				CURRENT_PROJECT_VERSION = 1;
				GENERATE_INFOPLIST_FILE = YES;
				INFOPLIST_FILE = GetARock/Global/Supports/Info.plist;
				INFOPLIST_KEY_UIApplicationSupportsIndirectInputEvents = YES;
				INFOPLIST_KEY_UILaunchStoryboardName = LaunchScreen;
				INFOPLIST_KEY_UIMainStoryboardFile = Landing;
				INFOPLIST_KEY_UISupportedInterfaceOrientations = UIInterfaceOrientationPortrait;
				INFOPLIST_KEY_UISupportedInterfaceOrientations_iPad = "UIInterfaceOrientationPortrait UIInterfaceOrientationPortraitUpsideDown UIInterfaceOrientationLandscapeLeft UIInterfaceOrientationLandscapeRight";
				INFOPLIST_KEY_UISupportedInterfaceOrientations_iPhone = UIInterfaceOrientationPortrait;
				INFOPLIST_KEY_UIUserInterfaceStyle = Dark;
				IPHONEOS_DEPLOYMENT_TARGET = 14.0;
				LD_RUNPATH_SEARCH_PATHS = (
					"$(inherited)",
					"@executable_path/Frameworks",
				);
				MARKETING_VERSION = 1.0;
				PRODUCT_BUNDLE_IDENTIFIER = com.ExtremeRock.GetARock;
				PRODUCT_NAME = "$(TARGET_NAME)";
				SWIFT_EMIT_LOC_STRINGS = YES;
				SWIFT_VERSION = 5.0;
				TARGETED_DEVICE_FAMILY = 1;
			};
			name = Release;
		};
		07D7DA0D290FB8C400479B6F /* Debug */ = {
			isa = XCBuildConfiguration;
			buildSettings = {
				ALWAYS_EMBED_SWIFT_STANDARD_LIBRARIES = YES;
				BUNDLE_LOADER = "$(TEST_HOST)";
				CODE_SIGN_STYLE = Automatic;
				CURRENT_PROJECT_VERSION = 1;
				GENERATE_INFOPLIST_FILE = YES;
				IPHONEOS_DEPLOYMENT_TARGET = 14.0;
				MARKETING_VERSION = 1.0;
				PRODUCT_BUNDLE_IDENTIFIER = com.ExtremeRock.GetARockTests;
				PRODUCT_NAME = "$(TARGET_NAME)";
				SWIFT_EMIT_LOC_STRINGS = NO;
				SWIFT_VERSION = 5.0;
				TARGETED_DEVICE_FAMILY = "1,2";
				TEST_HOST = "$(BUILT_PRODUCTS_DIR)/GetARock.app/GetARock";
			};
			name = Debug;
		};
		07D7DA0E290FB8C400479B6F /* Release */ = {
			isa = XCBuildConfiguration;
			buildSettings = {
				ALWAYS_EMBED_SWIFT_STANDARD_LIBRARIES = YES;
				BUNDLE_LOADER = "$(TEST_HOST)";
				CODE_SIGN_STYLE = Automatic;
				CURRENT_PROJECT_VERSION = 1;
				GENERATE_INFOPLIST_FILE = YES;
				IPHONEOS_DEPLOYMENT_TARGET = 14.0;
				MARKETING_VERSION = 1.0;
				PRODUCT_BUNDLE_IDENTIFIER = com.ExtremeRock.GetARockTests;
				PRODUCT_NAME = "$(TARGET_NAME)";
				SWIFT_EMIT_LOC_STRINGS = NO;
				SWIFT_VERSION = 5.0;
				TARGETED_DEVICE_FAMILY = "1,2";
				TEST_HOST = "$(BUILT_PRODUCTS_DIR)/GetARock.app/GetARock";
			};
			name = Release;
		};
		07D7DA10290FB8C400479B6F /* Debug */ = {
			isa = XCBuildConfiguration;
			buildSettings = {
				ALWAYS_EMBED_SWIFT_STANDARD_LIBRARIES = YES;
				CODE_SIGN_STYLE = Automatic;
				CURRENT_PROJECT_VERSION = 1;
				GENERATE_INFOPLIST_FILE = YES;
				MARKETING_VERSION = 1.0;
				PRODUCT_BUNDLE_IDENTIFIER = com.ExtremeRock.GetARockUITests;
				PRODUCT_NAME = "$(TARGET_NAME)";
				SWIFT_EMIT_LOC_STRINGS = NO;
				SWIFT_VERSION = 5.0;
				TARGETED_DEVICE_FAMILY = "1,2";
				TEST_TARGET_NAME = GetARock;
			};
			name = Debug;
		};
		07D7DA11290FB8C400479B6F /* Release */ = {
			isa = XCBuildConfiguration;
			buildSettings = {
				ALWAYS_EMBED_SWIFT_STANDARD_LIBRARIES = YES;
				CODE_SIGN_STYLE = Automatic;
				CURRENT_PROJECT_VERSION = 1;
				GENERATE_INFOPLIST_FILE = YES;
				MARKETING_VERSION = 1.0;
				PRODUCT_BUNDLE_IDENTIFIER = com.ExtremeRock.GetARockUITests;
				PRODUCT_NAME = "$(TARGET_NAME)";
				SWIFT_EMIT_LOC_STRINGS = NO;
				SWIFT_VERSION = 5.0;
				TARGETED_DEVICE_FAMILY = "1,2";
				TEST_TARGET_NAME = GetARock;
			};
			name = Release;
		};
/* End XCBuildConfiguration section */

/* Begin XCConfigurationList section */
		07D7D9DA290FB8C200479B6F /* Build configuration list for PBXProject "GetARock" */ = {
			isa = XCConfigurationList;
			buildConfigurations = (
				07D7DA07290FB8C400479B6F /* Debug */,
				07D7DA08290FB8C400479B6F /* Release */,
			);
			defaultConfigurationIsVisible = 0;
			defaultConfigurationName = Release;
		};
		07D7DA09290FB8C400479B6F /* Build configuration list for PBXNativeTarget "GetARock" */ = {
			isa = XCConfigurationList;
			buildConfigurations = (
				07D7DA0A290FB8C400479B6F /* Debug */,
				07D7DA0B290FB8C400479B6F /* Release */,
			);
			defaultConfigurationIsVisible = 0;
			defaultConfigurationName = Release;
		};
		07D7DA0C290FB8C400479B6F /* Build configuration list for PBXNativeTarget "GetARockTests" */ = {
			isa = XCConfigurationList;
			buildConfigurations = (
				07D7DA0D290FB8C400479B6F /* Debug */,
				07D7DA0E290FB8C400479B6F /* Release */,
			);
			defaultConfigurationIsVisible = 0;
			defaultConfigurationName = Release;
		};
		07D7DA0F290FB8C400479B6F /* Build configuration list for PBXNativeTarget "GetARockUITests" */ = {
			isa = XCConfigurationList;
			buildConfigurations = (
				07D7DA10290FB8C400479B6F /* Debug */,
				07D7DA11290FB8C400479B6F /* Release */,
			);
			defaultConfigurationIsVisible = 0;
			defaultConfigurationName = Release;
		};
/* End XCConfigurationList section */
	};
	rootObject = 07D7D9D7290FB8C200479B6F /* Project object */;
}
